<?xml version="1.0" encoding="utf-8"?>
<Project ToolsVersion="17.0" xmlns="http://schemas.microsoft.com/developer/msbuild/2003">
  <ItemGroup>
    <CustomBuild Include="D:\agent\booming-il2cpp\testing\foundation-dll\System.Data.Common\chunks\system-data-sqltypes\build_jit_output\build_jit\CMakeFiles\744dfca56175692d56725edeb09cf5a6\generate.stamp.rule">
      <Filter>CMake Rules</Filter>
    </CustomBuild>
  </ItemGroup>
  <ItemGroup>
    <Filter Include="CMake Rules">
      <UniqueIdentifier>{54004020-E67F-3764-A191-B8EAAD9AA947}</UniqueIdentifier>
    </Filter>
  </ItemGroup>
</Project>
