
Microsoft Visual Studio Solution File, Format Version 12.00
# Visual Studio Version 17
Project("{8BC9CEB8-8B4A-11D0-8D11-00A0C91BC942}") = "ALL_BUILD", "ALL_BUILD.vcxproj", "{68B60551-BC41-3BE6-B1E8-D07BA00A444F}"
	ProjectSection(ProjectDependencies) = postProject
		{611F72E9-3343-3C86-A918-D8C7C72D12B4} = {611F72E9-3343-3C86-A918-D8C7C72D12B4}
		{C581B1D9-EB26-361D-9A8F-7CEC3785F1CE} = {C581B1D9-EB26-361D-9A8F-7CEC3785F1CE}
	EndProjectSection
EndProject
Project("{8BC9CEB8-8B4A-11D0-8D11-00A0C91BC942}") = "ZERO_CHECK", "ZERO_CHECK.vcxproj", "{611F72E9-3343-3C86-A918-D8C7C72D12B4}"
	ProjectSection(ProjectDependencies) = postProject
	EndProjectSection
EndProject
Project("{8BC9CEB8-8B4A-11D0-8D11-00A0C91BC942}") = "chaos_entry", "chaos_entry.vcxproj", "{C581B1D9-EB26-361D-9A8F-7CEC3785F1CE}"
	ProjectSection(ProjectDependencies) = postProject
		{611F72E9-3343-3C86-A918-D8C7C72D12B4} = {611F72E9-3343-3C86-A918-D8C7C72D12B4}
	EndProjectSection
EndProject
Global
	GlobalSection(SolutionConfigurationPlatforms) = preSolution
		Debug|x64 = Debug|x64
		Release|x64 = Release|x64
		MinSizeRel|x64 = MinSizeRel|x64
		RelWithDebInfo|x64 = RelWithDebInfo|x64
	EndGlobalSection
	GlobalSection(ProjectConfigurationPlatforms) = postSolution
		{68B60551-BC41-3BE6-B1E8-D07BA00A444F}.Debug|x64.ActiveCfg = Debug|x64
		{68B60551-BC41-3BE6-B1E8-D07BA00A444F}.Release|x64.ActiveCfg = Release|x64
		{68B60551-BC41-3BE6-B1E8-D07BA00A444F}.MinSizeRel|x64.ActiveCfg = MinSizeRel|x64
		{68B60551-BC41-3BE6-B1E8-D07BA00A444F}.RelWithDebInfo|x64.ActiveCfg = RelWithDebInfo|x64
		{611F72E9-3343-3C86-A918-D8C7C72D12B4}.Debug|x64.ActiveCfg = Debug|x64
		{611F72E9-3343-3C86-A918-D8C7C72D12B4}.Debug|x64.Build.0 = Debug|x64
		{611F72E9-3343-3C86-A918-D8C7C72D12B4}.Release|x64.ActiveCfg = Release|x64
		{611F72E9-3343-3C86-A918-D8C7C72D12B4}.Release|x64.Build.0 = Release|x64
		{611F72E9-3343-3C86-A918-D8C7C72D12B4}.MinSizeRel|x64.ActiveCfg = MinSizeRel|x64
		{611F72E9-3343-3C86-A918-D8C7C72D12B4}.MinSizeRel|x64.Build.0 = MinSizeRel|x64
		{611F72E9-3343-3C86-A918-D8C7C72D12B4}.RelWithDebInfo|x64.ActiveCfg = RelWithDebInfo|x64
		{611F72E9-3343-3C86-A918-D8C7C72D12B4}.RelWithDebInfo|x64.Build.0 = RelWithDebInfo|x64
		{C581B1D9-EB26-361D-9A8F-7CEC3785F1CE}.Debug|x64.ActiveCfg = Debug|x64
		{C581B1D9-EB26-361D-9A8F-7CEC3785F1CE}.Debug|x64.Build.0 = Debug|x64
		{C581B1D9-EB26-361D-9A8F-7CEC3785F1CE}.Release|x64.ActiveCfg = Release|x64
		{C581B1D9-EB26-361D-9A8F-7CEC3785F1CE}.Release|x64.Build.0 = Release|x64
		{C581B1D9-EB26-361D-9A8F-7CEC3785F1CE}.MinSizeRel|x64.ActiveCfg = MinSizeRel|x64
		{C581B1D9-EB26-361D-9A8F-7CEC3785F1CE}.MinSizeRel|x64.Build.0 = MinSizeRel|x64
		{C581B1D9-EB26-361D-9A8F-7CEC3785F1CE}.RelWithDebInfo|x64.ActiveCfg = RelWithDebInfo|x64
		{C581B1D9-EB26-361D-9A8F-7CEC3785F1CE}.RelWithDebInfo|x64.Build.0 = RelWithDebInfo|x64
	EndGlobalSection
	GlobalSection(ExtensibilityGlobals) = postSolution
		SolutionGuid = {7E087D74-07EF-343D-B78F-D2D749512B0A}
	EndGlobalSection
	GlobalSection(ExtensibilityAddIns) = postSolution
	EndGlobalSection
EndGlobal
