
Microsoft Visual Studio Solution File, Format Version 12.00
# Visual Studio Version 17
Project("{8BC9CEB8-8B4A-11D0-8D11-00A0C91BC942}") = "ALL_BUILD", "ALL_BUILD.vcxproj", "{CF21B0C8-2FDB-315F-A283-4C5E1008D369}"
	ProjectSection(ProjectDependencies) = postProject
		{6719F888-F138-3EDE-AFC1-0A3CD670D844} = {6719F888-F138-3EDE-AFC1-0A3CD670D844}
		{D0E7B8A0-D191-3636-9394-DB9B28597DF7} = {D0E7B8A0-D191-3636-9394-DB9B28597DF7}
	EndProjectSection
EndProject
Project("{8BC9CEB8-8B4A-11D0-8D11-00A0C91BC942}") = "ZERO_CHECK", "ZERO_CHECK.vcxproj", "{6719F888-F138-3EDE-AFC1-0A3CD670D844}"
	ProjectSection(ProjectDependencies) = postProject
	EndProjectSection
EndProject
Project("{8BC9CEB8-8B4A-11D0-8D11-00A0C91BC942}") = "entry", "entry.vcxproj", "{D0E7B8A0-D191-3636-9394-DB9B28597DF7}"
	ProjectSection(ProjectDependencies) = postProject
		{6719F888-F138-3EDE-AFC1-0A3CD670D844} = {6719F888-F138-3EDE-AFC1-0A3CD670D844}
	EndProjectSection
EndProject
Global
	GlobalSection(SolutionConfigurationPlatforms) = preSolution
		Debug|x64 = Debug|x64
		Release|x64 = Release|x64
		MinSizeRel|x64 = MinSizeRel|x64
		RelWithDebInfo|x64 = RelWithDebInfo|x64
	EndGlobalSection
	GlobalSection(ProjectConfigurationPlatforms) = postSolution
		{CF21B0C8-2FDB-315F-A283-4C5E1008D369}.Debug|x64.ActiveCfg = Debug|x64
		{CF21B0C8-2FDB-315F-A283-4C5E1008D369}.Release|x64.ActiveCfg = Release|x64
		{CF21B0C8-2FDB-315F-A283-4C5E1008D369}.MinSizeRel|x64.ActiveCfg = MinSizeRel|x64
		{CF21B0C8-2FDB-315F-A283-4C5E1008D369}.RelWithDebInfo|x64.ActiveCfg = RelWithDebInfo|x64
		{6719F888-F138-3EDE-AFC1-0A3CD670D844}.Debug|x64.ActiveCfg = Debug|x64
		{6719F888-F138-3EDE-AFC1-0A3CD670D844}.Debug|x64.Build.0 = Debug|x64
		{6719F888-F138-3EDE-AFC1-0A3CD670D844}.Release|x64.ActiveCfg = Release|x64
		{6719F888-F138-3EDE-AFC1-0A3CD670D844}.Release|x64.Build.0 = Release|x64
		{6719F888-F138-3EDE-AFC1-0A3CD670D844}.MinSizeRel|x64.ActiveCfg = MinSizeRel|x64
		{6719F888-F138-3EDE-AFC1-0A3CD670D844}.MinSizeRel|x64.Build.0 = MinSizeRel|x64
		{6719F888-F138-3EDE-AFC1-0A3CD670D844}.RelWithDebInfo|x64.ActiveCfg = RelWithDebInfo|x64
		{6719F888-F138-3EDE-AFC1-0A3CD670D844}.RelWithDebInfo|x64.Build.0 = RelWithDebInfo|x64
		{D0E7B8A0-D191-3636-9394-DB9B28597DF7}.Debug|x64.ActiveCfg = Debug|x64
		{D0E7B8A0-D191-3636-9394-DB9B28597DF7}.Debug|x64.Build.0 = Debug|x64
		{D0E7B8A0-D191-3636-9394-DB9B28597DF7}.Release|x64.ActiveCfg = Release|x64
		{D0E7B8A0-D191-3636-9394-DB9B28597DF7}.Release|x64.Build.0 = Release|x64
		{D0E7B8A0-D191-3636-9394-DB9B28597DF7}.MinSizeRel|x64.ActiveCfg = MinSizeRel|x64
		{D0E7B8A0-D191-3636-9394-DB9B28597DF7}.MinSizeRel|x64.Build.0 = MinSizeRel|x64
		{D0E7B8A0-D191-3636-9394-DB9B28597DF7}.RelWithDebInfo|x64.ActiveCfg = RelWithDebInfo|x64
		{D0E7B8A0-D191-3636-9394-DB9B28597DF7}.RelWithDebInfo|x64.Build.0 = RelWithDebInfo|x64
	EndGlobalSection
	GlobalSection(ExtensibilityGlobals) = postSolution
		SolutionGuid = {E2EC02E0-14CB-3619-95D2-76296AAE5825}
	EndGlobalSection
	GlobalSection(ExtensibilityAddIns) = postSolution
	EndGlobalSection
EndGlobal
