<?xml version="1.0" encoding="utf-8"?>
<Project ToolsVersion="17.0" xmlns="http://schemas.microsoft.com/developer/msbuild/2003">
  <ItemGroup>
    <ClCompile Include="D:\agent\booming-il2cpp\testing\foundation-dll\System.Private.CoreLib\convert-char\native\runtime-entry.cpp">
      <Filter>Source Files</Filter>
    </ClCompile>
    <ClCompile Include="D:\agent\booming-il2cpp\testing\foundation-dll\System.Private.CoreLib\convert-char\native\runtime-patchdata.cpp">
      <Filter>Source Files</Filter>
    </ClCompile>
    <ClCompile Include="D:\agent\booming-il2cpp\testing\foundation-dll\System.Private.CoreLib\convert-char\native\jit_seh_guard.cpp">
      <Filter>Source Files</Filter>
    </ClCompile>
    <ClCompile Include="D:\agent\booming-il2cpp\testing\foundation-dll\System.Private.CoreLib\convert-char\native\verification_dispatch.generated.cpp">
      <Filter>Source Files</Filter>
    </ClCompile>
    <ClCompile Include="D:\agent\booming-il2cpp\testing\foundation-dll\System.Private.CoreLib\convert-char\native\enum_stubs.cpp">
      <Filter>Source Files</Filter>
    </ClCompile>
    <ClCompile Include="D:\agent\booming-il2cpp\testing\foundation-dll\System.Private.CoreLib\convert-char\native\microbench.cpp">
      <Filter>Source Files</Filter>
    </ClCompile>
    <ClCompile Include="D:\agent\booming-il2cpp\testing\foundation-dll\System.Private.CoreLib\convert-char\codegen\ConvertCharSubjects\generated\native-aot.generated.cpp">
      <Filter>Source Files</Filter>
    </ClCompile>
  </ItemGroup>
  <ItemGroup>
    <CustomBuild Include="D:\agent\booming-il2cpp\testing\foundation-dll\System.Private.CoreLib\convert-char\native\CMakeLists.txt" />
  </ItemGroup>
  <ItemGroup>
    <Filter Include="Source Files">
      <UniqueIdentifier>{BEF0ABF9-23F5-3203-8ED2-0D774B6143DA}</UniqueIdentifier>
    </Filter>
  </ItemGroup>
</Project>
