
Microsoft Visual Studio Solution File, Format Version 12.00
# Visual Studio Version 17
Project("{8BC9CEB8-8B4A-11D0-8D11-00A0C91BC942}") = "ALL_BUILD", "ALL_BUILD.vcxproj", "{D07D388E-ADB3-3C51-AF1B-B12A066216BB}"
	ProjectSection(ProjectDependencies) = postProject
		{2877EF90-0BD8-3546-8077-19063FE1FDCD} = {2877EF90-0BD8-3546-8077-19063FE1FDCD}
		{4190BDFD-A4E2-338A-85CB-C219D3CBDF5E} = {4190BDFD-A4E2-338A-85CB-C219D3CBDF5E}
	EndProjectSection
EndProject
Project("{8BC9CEB8-8B4A-11D0-8D11-00A0C91BC942}") = "ZERO_CHECK", "ZERO_CHECK.vcxproj", "{2877EF90-0BD8-3546-8077-19063FE1FDCD}"
	ProjectSection(ProjectDependencies) = postProject
	EndProjectSection
EndProject
Project("{8BC9CEB8-8B4A-11D0-8D11-00A0C91BC942}") = "entry", "entry.vcxproj", "{4190BDFD-A4E2-338A-85CB-C219D3CBDF5E}"
	ProjectSection(ProjectDependencies) = postProject
		{2877EF90-0BD8-3546-8077-19063FE1FDCD} = {2877EF90-0BD8-3546-8077-19063FE1FDCD}
	EndProjectSection
EndProject
Global
	GlobalSection(SolutionConfigurationPlatforms) = preSolution
		Debug|x64 = Debug|x64
		Release|x64 = Release|x64
		MinSizeRel|x64 = MinSizeRel|x64
		RelWithDebInfo|x64 = RelWithDebInfo|x64
	EndGlobalSection
	GlobalSection(ProjectConfigurationPlatforms) = postSolution
		{D07D388E-ADB3-3C51-AF1B-B12A066216BB}.Debug|x64.ActiveCfg = Debug|x64
		{D07D388E-ADB3-3C51-AF1B-B12A066216BB}.Release|x64.ActiveCfg = Release|x64
		{D07D388E-ADB3-3C51-AF1B-B12A066216BB}.MinSizeRel|x64.ActiveCfg = MinSizeRel|x64
		{D07D388E-ADB3-3C51-AF1B-B12A066216BB}.RelWithDebInfo|x64.ActiveCfg = RelWithDebInfo|x64
		{2877EF90-0BD8-3546-8077-19063FE1FDCD}.Debug|x64.ActiveCfg = Debug|x64
		{2877EF90-0BD8-3546-8077-19063FE1FDCD}.Debug|x64.Build.0 = Debug|x64
		{2877EF90-0BD8-3546-8077-19063FE1FDCD}.Release|x64.ActiveCfg = Release|x64
		{2877EF90-0BD8-3546-8077-19063FE1FDCD}.Release|x64.Build.0 = Release|x64
		{2877EF90-0BD8-3546-8077-19063FE1FDCD}.MinSizeRel|x64.ActiveCfg = MinSizeRel|x64
		{2877EF90-0BD8-3546-8077-19063FE1FDCD}.MinSizeRel|x64.Build.0 = MinSizeRel|x64
		{2877EF90-0BD8-3546-8077-19063FE1FDCD}.RelWithDebInfo|x64.ActiveCfg = RelWithDebInfo|x64
		{2877EF90-0BD8-3546-8077-19063FE1FDCD}.RelWithDebInfo|x64.Build.0 = RelWithDebInfo|x64
		{4190BDFD-A4E2-338A-85CB-C219D3CBDF5E}.Debug|x64.ActiveCfg = Debug|x64
		{4190BDFD-A4E2-338A-85CB-C219D3CBDF5E}.Debug|x64.Build.0 = Debug|x64
		{4190BDFD-A4E2-338A-85CB-C219D3CBDF5E}.Release|x64.ActiveCfg = Release|x64
		{4190BDFD-A4E2-338A-85CB-C219D3CBDF5E}.Release|x64.Build.0 = Release|x64
		{4190BDFD-A4E2-338A-85CB-C219D3CBDF5E}.MinSizeRel|x64.ActiveCfg = MinSizeRel|x64
		{4190BDFD-A4E2-338A-85CB-C219D3CBDF5E}.MinSizeRel|x64.Build.0 = MinSizeRel|x64
		{4190BDFD-A4E2-338A-85CB-C219D3CBDF5E}.RelWithDebInfo|x64.ActiveCfg = RelWithDebInfo|x64
		{4190BDFD-A4E2-338A-85CB-C219D3CBDF5E}.RelWithDebInfo|x64.Build.0 = RelWithDebInfo|x64
	EndGlobalSection
	GlobalSection(ExtensibilityGlobals) = postSolution
		SolutionGuid = {9D4D0166-B4B2-3047-A678-7E5902A27932}
	EndGlobalSection
	GlobalSection(ExtensibilityAddIns) = postSolution
	EndGlobalSection
EndGlobal
