<?xml version="1.0" encoding="utf-8"?>
<Project ToolsVersion="17.0" xmlns="http://schemas.microsoft.com/developer/msbuild/2003">
  <ItemGroup>
    <CustomBuild Include="D:\agent\booming-il2cpp\verification\foundation-dll\System.Private.CoreLib\convert-char\native\build-profile\CMakeFiles\f719d26bcd212b122b8e867bd734a789\generate.stamp.rule">
      <Filter>CMake Rules</Filter>
    </CustomBuild>
  </ItemGroup>
  <ItemGroup>
    <Filter Include="CMake Rules">
      <UniqueIdentifier>{F1003155-96A4-357D-90BB-DCD8D4EDCF29}</UniqueIdentifier>
    </Filter>
  </ItemGroup>
</Project>
