<?xml version="1.0" encoding="utf-8"?>
<Project ToolsVersion="17.0" xmlns="http://schemas.microsoft.com/developer/msbuild/2003">
  <ItemGroup>
    <ClCompile Include="D:\agent\booming-il2cpp\testing\project-test\runtime-self-test\native\runtime-entry.cpp">
      <Filter>Source Files</Filter>
    </ClCompile>
    <ClCompile Include="D:\agent\booming-il2cpp\testing\project-test\runtime-self-test\native\runtime-patchdata.cpp">
      <Filter>Source Files</Filter>
    </ClCompile>
    <ClCompile Include="D:\agent\booming-il2cpp\testing\project-test\runtime-self-test\native\verification_dispatch.generated.cpp">
      <Filter>Source Files</Filter>
    </ClCompile>
    <ClCompile Include="D:\agent\booming-il2cpp\testing\project-test\runtime-self-test\native\microbench.cpp">
      <Filter>Source Files</Filter>
    </ClCompile>
    <ClCompile Include="D:\agent\booming-il2cpp\testing\project-test\runtime-self-test\codegen\RuntimeSelfTest\generated\native-aot.generated.cpp">
      <Filter>Source Files</Filter>
    </ClCompile>
  </ItemGroup>
  <ItemGroup>
    <CustomBuild Include="D:\agent\booming-il2cpp\testing\project-test\runtime-self-test\native\CMakeLists.txt" />
  </ItemGroup>
  <ItemGroup>
    <Filter Include="Source Files">
      <UniqueIdentifier>{49E539D5-2E55-384B-8AA6-E4E5532B3346}</UniqueIdentifier>
    </Filter>
  </ItemGroup>
</Project>
