<?xml version="1.0" encoding="utf-8"?>
<Project ToolsVersion="17.0" xmlns="http://schemas.microsoft.com/developer/msbuild/2003">
  <ItemGroup>
    <CustomBuild Include="D:\agent\chaos-il2cpp\tmp_v2\build_jit\CMakeFiles\534dd2df0a63558a3e02b42232425673\generate.stamp.rule">
      <Filter>CMake Rules</Filter>
    </CustomBuild>
  </ItemGroup>
  <ItemGroup>
    <Filter Include="CMake Rules">
      <UniqueIdentifier>{A1754464-CDC9-3787-BA4A-917DABF1C3FE}</UniqueIdentifier>
    </Filter>
  </ItemGroup>
</Project>
