<?xml version="1.0" encoding="utf-8"?>
<Project ToolsVersion="17.0" xmlns="http://schemas.microsoft.com/developer/msbuild/2003">
  <ItemGroup>
    <CustomBuild Include="D:\agent\booming-il2cpp\testing\foundation-dll\System.Reflection.Metadata\chunks\system-reflection-metadata\build_jit_output\build_jit\CMakeFiles\7077feefce953196cd01fac89c716ca1\generate.stamp.rule">
      <Filter>CMake Rules</Filter>
    </CustomBuild>
  </ItemGroup>
  <ItemGroup>
    <Filter Include="CMake Rules">
      <UniqueIdentifier>{4AE78D83-0445-37F6-894E-24CA90ED2661}</UniqueIdentifier>
    </Filter>
  </ItemGroup>
</Project>
