<?xml version="1.0" encoding="utf-8"?>
<Project ToolsVersion="17.0" xmlns="http://schemas.microsoft.com/developer/msbuild/2003">
  <ItemGroup>
    <ClCompile Include="D:\agent\booming-il2cpp\verification\foundation-dll\System.Private.CoreLib\convert-char\native\runtime-entry.cpp">
      <Filter>Source Files</Filter>
    </ClCompile>
    <ClCompile Include="D:\agent\booming-il2cpp\verification\foundation-dll\System.Private.CoreLib\convert-char\native\runtime-patchdata.cpp">
      <Filter>Source Files</Filter>
    </ClCompile>
    <ClCompile Include="D:\agent\booming-il2cpp\verification\foundation-dll\System.Private.CoreLib\convert-char\native\subject0_safe_wrapper.cpp">
      <Filter>Source Files</Filter>
    </ClCompile>
    <ClCompile Include="D:\agent\booming-il2cpp\verification\foundation-dll\System.Private.CoreLib\convert-char\codegen\ConvertCharSubjects\generated\native-aot.generated.cpp">
      <Filter>Source Files</Filter>
    </ClCompile>
  </ItemGroup>
  <ItemGroup>
    <CustomBuild Include="D:\agent\booming-il2cpp\verification\foundation-dll\System.Private.CoreLib\convert-char\native\CMakeLists.txt" />
  </ItemGroup>
  <ItemGroup>
    <Filter Include="Source Files">
      <UniqueIdentifier>{B8305650-1515-369B-943D-EACFBCB32490}</UniqueIdentifier>
    </Filter>
  </ItemGroup>
</Project>
