
Microsoft Visual Studio Solution File, Format Version 12.00
# Visual Studio Version 17
Project("{8BC9CEB8-8B4A-11D0-8D11-00A0C91BC942}") = "ALL_BUILD", "ALL_BUILD.vcxproj", "{53D8F901-2EFB-3F7F-BA68-09B0DC6BB0BF}"
	ProjectSection(ProjectDependencies) = postProject
		{0FF2C545-FC8A-3614-846D-BA62E8A08CE2} = {0FF2C545-FC8A-3614-846D-BA62E8A08CE2}
		{6088F398-8315-3999-BAF7-4941A159161F} = {6088F398-8315-3999-BAF7-4941A159161F}
	EndProjectSection
EndProject
Project("{8BC9CEB8-8B4A-11D0-8D11-00A0C91BC942}") = "ZERO_CHECK", "ZERO_CHECK.vcxproj", "{0FF2C545-FC8A-3614-846D-BA62E8A08CE2}"
	ProjectSection(ProjectDependencies) = postProject
	EndProjectSection
EndProject
Project("{8BC9CEB8-8B4A-11D0-8D11-00A0C91BC942}") = "entry", "entry.vcxproj", "{6088F398-8315-3999-BAF7-4941A159161F}"
	ProjectSection(ProjectDependencies) = postProject
		{0FF2C545-FC8A-3614-846D-BA62E8A08CE2} = {0FF2C545-FC8A-3614-846D-BA62E8A08CE2}
	EndProjectSection
EndProject
Global
	GlobalSection(SolutionConfigurationPlatforms) = preSolution
		Debug|x64 = Debug|x64
		Release|x64 = Release|x64
		MinSizeRel|x64 = MinSizeRel|x64
		RelWithDebInfo|x64 = RelWithDebInfo|x64
	EndGlobalSection
	GlobalSection(ProjectConfigurationPlatforms) = postSolution
		{53D8F901-2EFB-3F7F-BA68-09B0DC6BB0BF}.Debug|x64.ActiveCfg = Debug|x64
		{53D8F901-2EFB-3F7F-BA68-09B0DC6BB0BF}.Release|x64.ActiveCfg = Release|x64
		{53D8F901-2EFB-3F7F-BA68-09B0DC6BB0BF}.MinSizeRel|x64.ActiveCfg = MinSizeRel|x64
		{53D8F901-2EFB-3F7F-BA68-09B0DC6BB0BF}.RelWithDebInfo|x64.ActiveCfg = RelWithDebInfo|x64
		{0FF2C545-FC8A-3614-846D-BA62E8A08CE2}.Debug|x64.ActiveCfg = Debug|x64
		{0FF2C545-FC8A-3614-846D-BA62E8A08CE2}.Debug|x64.Build.0 = Debug|x64
		{0FF2C545-FC8A-3614-846D-BA62E8A08CE2}.Release|x64.ActiveCfg = Release|x64
		{0FF2C545-FC8A-3614-846D-BA62E8A08CE2}.Release|x64.Build.0 = Release|x64
		{0FF2C545-FC8A-3614-846D-BA62E8A08CE2}.MinSizeRel|x64.ActiveCfg = MinSizeRel|x64
		{0FF2C545-FC8A-3614-846D-BA62E8A08CE2}.MinSizeRel|x64.Build.0 = MinSizeRel|x64
		{0FF2C545-FC8A-3614-846D-BA62E8A08CE2}.RelWithDebInfo|x64.ActiveCfg = RelWithDebInfo|x64
		{0FF2C545-FC8A-3614-846D-BA62E8A08CE2}.RelWithDebInfo|x64.Build.0 = RelWithDebInfo|x64
		{6088F398-8315-3999-BAF7-4941A159161F}.Debug|x64.ActiveCfg = Debug|x64
		{6088F398-8315-3999-BAF7-4941A159161F}.Debug|x64.Build.0 = Debug|x64
		{6088F398-8315-3999-BAF7-4941A159161F}.Release|x64.ActiveCfg = Release|x64
		{6088F398-8315-3999-BAF7-4941A159161F}.Release|x64.Build.0 = Release|x64
		{6088F398-8315-3999-BAF7-4941A159161F}.MinSizeRel|x64.ActiveCfg = MinSizeRel|x64
		{6088F398-8315-3999-BAF7-4941A159161F}.MinSizeRel|x64.Build.0 = MinSizeRel|x64
		{6088F398-8315-3999-BAF7-4941A159161F}.RelWithDebInfo|x64.ActiveCfg = RelWithDebInfo|x64
		{6088F398-8315-3999-BAF7-4941A159161F}.RelWithDebInfo|x64.Build.0 = RelWithDebInfo|x64
	EndGlobalSection
	GlobalSection(ExtensibilityGlobals) = postSolution
		SolutionGuid = {834D553F-A41C-31D6-8964-29117F521279}
	EndGlobalSection
	GlobalSection(ExtensibilityAddIns) = postSolution
	EndGlobalSection
EndGlobal
