
Microsoft Visual Studio Solution File, Format Version 12.00
# Visual Studio Version 17
Project("{8BC9CEB8-8B4A-11D0-8D11-00A0C91BC942}") = "ALL_BUILD", "ALL_BUILD.vcxproj", "{9954720D-BC4B-3B70-A6EE-6ABD5E4780AE}"
	ProjectSection(ProjectDependencies) = postProject
		{0BD83F41-3257-3DE1-B0D0-B13B581BF2CD} = {0BD83F41-3257-3DE1-B0D0-B13B581BF2CD}
		{B6D5679C-FC77-3805-B562-E68057B470F1} = {B6D5679C-FC77-3805-B562-E68057B470F1}
		{39A23621-85DB-34A1-99FE-A51F67E19927} = {39A23621-85DB-34A1-99FE-A51F67E19927}
	EndProjectSection
EndProject
Project("{8BC9CEB8-8B4A-11D0-8D11-00A0C91BC942}") = "ZERO_CHECK", "ZERO_CHECK.vcxproj", "{0BD83F41-3257-3DE1-B0D0-B13B581BF2CD}"
	ProjectSection(ProjectDependencies) = postProject
	EndProjectSection
EndProject
Project("{8BC9CEB8-8B4A-11D0-8D11-00A0C91BC942}") = "chaos_gen_ConvertCharSubjects", "chaos_gen_ConvertCharSubjects.vcxproj", "{B6D5679C-FC77-3805-B562-E68057B470F1}"
	ProjectSection(ProjectDependencies) = postProject
		{0BD83F41-3257-3DE1-B0D0-B13B581BF2CD} = {0BD83F41-3257-3DE1-B0D0-B13B581BF2CD}
	EndProjectSection
EndProject
Project("{8BC9CEB8-8B4A-11D0-8D11-00A0C91BC942}") = "entry", "entry.vcxproj", "{39A23621-85DB-34A1-99FE-A51F67E19927}"
	ProjectSection(ProjectDependencies) = postProject
		{0BD83F41-3257-3DE1-B0D0-B13B581BF2CD} = {0BD83F41-3257-3DE1-B0D0-B13B581BF2CD}
		{B6D5679C-FC77-3805-B562-E68057B470F1} = {B6D5679C-FC77-3805-B562-E68057B470F1}
	EndProjectSection
EndProject
Global
	GlobalSection(SolutionConfigurationPlatforms) = preSolution
		Debug|x64 = Debug|x64
		Release|x64 = Release|x64
		MinSizeRel|x64 = MinSizeRel|x64
		RelWithDebInfo|x64 = RelWithDebInfo|x64
	EndGlobalSection
	GlobalSection(ProjectConfigurationPlatforms) = postSolution
		{9954720D-BC4B-3B70-A6EE-6ABD5E4780AE}.Debug|x64.ActiveCfg = Debug|x64
		{9954720D-BC4B-3B70-A6EE-6ABD5E4780AE}.Release|x64.ActiveCfg = Release|x64
		{9954720D-BC4B-3B70-A6EE-6ABD5E4780AE}.MinSizeRel|x64.ActiveCfg = MinSizeRel|x64
		{9954720D-BC4B-3B70-A6EE-6ABD5E4780AE}.RelWithDebInfo|x64.ActiveCfg = RelWithDebInfo|x64
		{0BD83F41-3257-3DE1-B0D0-B13B581BF2CD}.Debug|x64.ActiveCfg = Debug|x64
		{0BD83F41-3257-3DE1-B0D0-B13B581BF2CD}.Debug|x64.Build.0 = Debug|x64
		{0BD83F41-3257-3DE1-B0D0-B13B581BF2CD}.Release|x64.ActiveCfg = Release|x64
		{0BD83F41-3257-3DE1-B0D0-B13B581BF2CD}.Release|x64.Build.0 = Release|x64
		{0BD83F41-3257-3DE1-B0D0-B13B581BF2CD}.MinSizeRel|x64.ActiveCfg = MinSizeRel|x64
		{0BD83F41-3257-3DE1-B0D0-B13B581BF2CD}.MinSizeRel|x64.Build.0 = MinSizeRel|x64
		{0BD83F41-3257-3DE1-B0D0-B13B581BF2CD}.RelWithDebInfo|x64.ActiveCfg = RelWithDebInfo|x64
		{0BD83F41-3257-3DE1-B0D0-B13B581BF2CD}.RelWithDebInfo|x64.Build.0 = RelWithDebInfo|x64
		{B6D5679C-FC77-3805-B562-E68057B470F1}.Debug|x64.ActiveCfg = Debug|x64
		{B6D5679C-FC77-3805-B562-E68057B470F1}.Debug|x64.Build.0 = Debug|x64
		{B6D5679C-FC77-3805-B562-E68057B470F1}.Release|x64.ActiveCfg = Release|x64
		{B6D5679C-FC77-3805-B562-E68057B470F1}.Release|x64.Build.0 = Release|x64
		{B6D5679C-FC77-3805-B562-E68057B470F1}.MinSizeRel|x64.ActiveCfg = MinSizeRel|x64
		{B6D5679C-FC77-3805-B562-E68057B470F1}.MinSizeRel|x64.Build.0 = MinSizeRel|x64
		{B6D5679C-FC77-3805-B562-E68057B470F1}.RelWithDebInfo|x64.ActiveCfg = RelWithDebInfo|x64
		{B6D5679C-FC77-3805-B562-E68057B470F1}.RelWithDebInfo|x64.Build.0 = RelWithDebInfo|x64
		{39A23621-85DB-34A1-99FE-A51F67E19927}.Debug|x64.ActiveCfg = Debug|x64
		{39A23621-85DB-34A1-99FE-A51F67E19927}.Debug|x64.Build.0 = Debug|x64
		{39A23621-85DB-34A1-99FE-A51F67E19927}.Release|x64.ActiveCfg = Release|x64
		{39A23621-85DB-34A1-99FE-A51F67E19927}.Release|x64.Build.0 = Release|x64
		{39A23621-85DB-34A1-99FE-A51F67E19927}.MinSizeRel|x64.ActiveCfg = MinSizeRel|x64
		{39A23621-85DB-34A1-99FE-A51F67E19927}.MinSizeRel|x64.Build.0 = MinSizeRel|x64
		{39A23621-85DB-34A1-99FE-A51F67E19927}.RelWithDebInfo|x64.ActiveCfg = RelWithDebInfo|x64
		{39A23621-85DB-34A1-99FE-A51F67E19927}.RelWithDebInfo|x64.Build.0 = RelWithDebInfo|x64
	EndGlobalSection
	GlobalSection(ExtensibilityGlobals) = postSolution
		SolutionGuid = {CBBFEC09-D0E7-3639-95AE-25864E807AC6}
	EndGlobalSection
	GlobalSection(ExtensibilityAddIns) = postSolution
	EndGlobalSection
EndGlobal
