
Microsoft Visual Studio Solution File, Format Version 12.00
# Visual Studio Version 17
VisualStudioVersion = 17.0.31903.59
MinimumVisualStudioVersion = 10.0.40219.1
Project("{FAE04EC0-301F-11D3-BF4B-00C04F79EFBC}") = "GoldenMixedReference.App", "App\GoldenMixedReference.App.csproj", "{DBDE0159-FAAC-4220-93B1-ECDAE7BAAE2F}"
EndProject
Project("{FAE04EC0-301F-11D3-BF4B-00C04F79EFBC}") = "GoldenMixedReference.Core", "Core\GoldenMixedReference.Core.csproj", "{0BC78134-47EB-4599-B01A-1EB9457E7EBB}"
EndProject
Global
	GlobalSection(SolutionConfigurationPlatforms) = preSolution
		Debug|Any CPU = Debug|Any CPU
		Release|Any CPU = Release|Any CPU
	EndGlobalSection
	GlobalSection(SolutionProperties) = preSolution
		HideSolutionNode = FALSE
	EndGlobalSection
	GlobalSection(ProjectConfigurationPlatforms) = postSolution
		{DBDE0159-FAAC-4220-93B1-ECDAE7BAAE2F}.Debug|Any CPU.ActiveCfg = Debug|Any CPU
		{DBDE0159-FAAC-4220-93B1-ECDAE7BAAE2F}.Debug|Any CPU.Build.0 = Debug|Any CPU
		{DBDE0159-FAAC-4220-93B1-ECDAE7BAAE2F}.Release|Any CPU.ActiveCfg = Release|Any CPU
		{DBDE0159-FAAC-4220-93B1-ECDAE7BAAE2F}.Release|Any CPU.Build.0 = Release|Any CPU
		{0BC78134-47EB-4599-B01A-1EB9457E7EBB}.Debug|Any CPU.ActiveCfg = Debug|Any CPU
		{0BC78134-47EB-4599-B01A-1EB9457E7EBB}.Debug|Any CPU.Build.0 = Debug|Any CPU
		{0BC78134-47EB-4599-B01A-1EB9457E7EBB}.Release|Any CPU.ActiveCfg = Release|Any CPU
		{0BC78134-47EB-4599-B01A-1EB9457E7EBB}.Release|Any CPU.Build.0 = Release|Any CPU
	EndGlobalSection
EndGlobal
