<?xml version="1.0" encoding="utf-8"?>
<Project ToolsVersion="17.0" xmlns="http://schemas.microsoft.com/developer/msbuild/2003">
  <ItemGroup>
    <ClCompile Include="D:\agent\booming-il2cpp\verification\foundation-dll\System.Private.CoreLib\enum-parsing\codegen\runtime-entry.cpp">
      <Filter>Source Files</Filter>
    </ClCompile>
  </ItemGroup>
  <ItemGroup>
    <CustomBuild Include="D:\agent\booming-il2cpp\verification\foundation-dll\System.Private.CoreLib\enum-parsing\codegen\CMakeLists.txt" />
  </ItemGroup>
  <ItemGroup>
    <Filter Include="Source Files">
      <UniqueIdentifier>{8BA270F9-B387-3C74-B404-E775205C6341}</UniqueIdentifier>
    </Filter>
  </ItemGroup>
</Project>
