
Microsoft Visual Studio Solution File, Format Version 12.00
# Visual Studio Version 17
VisualStudioVersion = 17.0.31903.59
MinimumVisualStudioVersion = 10.0.40219.1
Project("{FAE04EC0-301F-11D3-BF4B-00C04F79EFBC}") = "GoldenMultiProject.App", "App\GoldenMultiProject.App.csproj", "{52884E40-8248-4314-BAA3-4F4D24C3EE0E}"
EndProject
Project("{FAE04EC0-301F-11D3-BF4B-00C04F79EFBC}") = "GoldenMultiProject.Core", "Core\GoldenMultiProject.Core.csproj", "{C5BE13F8-4DB5-4C40-8C93-9857AD874A9E}"
EndProject
Project("{FAE04EC0-301F-11D3-BF4B-00C04F79EFBC}") = "GoldenMultiProject.Middle", "Middle\GoldenMultiProject.Middle.csproj", "{708F9D9B-C8C5-42DD-97F4-9514CA03B4C6}"
EndProject
Global
	GlobalSection(SolutionConfigurationPlatforms) = preSolution
		Debug|Any CPU = Debug|Any CPU
		Release|Any CPU = Release|Any CPU
	EndGlobalSection
	GlobalSection(SolutionProperties) = preSolution
		HideSolutionNode = FALSE
	EndGlobalSection
	GlobalSection(ProjectConfigurationPlatforms) = postSolution
		{52884E40-8248-4314-BAA3-4F4D24C3EE0E}.Debug|Any CPU.ActiveCfg = Debug|Any CPU
		{52884E40-8248-4314-BAA3-4F4D24C3EE0E}.Debug|Any CPU.Build.0 = Debug|Any CPU
		{52884E40-8248-4314-BAA3-4F4D24C3EE0E}.Release|Any CPU.ActiveCfg = Release|Any CPU
		{52884E40-8248-4314-BAA3-4F4D24C3EE0E}.Release|Any CPU.Build.0 = Release|Any CPU
		{C5BE13F8-4DB5-4C40-8C93-9857AD874A9E}.Debug|Any CPU.ActiveCfg = Debug|Any CPU
		{C5BE13F8-4DB5-4C40-8C93-9857AD874A9E}.Debug|Any CPU.Build.0 = Debug|Any CPU
		{C5BE13F8-4DB5-4C40-8C93-9857AD874A9E}.Release|Any CPU.ActiveCfg = Release|Any CPU
		{C5BE13F8-4DB5-4C40-8C93-9857AD874A9E}.Release|Any CPU.Build.0 = Release|Any CPU
		{708F9D9B-C8C5-42DD-97F4-9514CA03B4C6}.Debug|Any CPU.ActiveCfg = Debug|Any CPU
		{708F9D9B-C8C5-42DD-97F4-9514CA03B4C6}.Debug|Any CPU.Build.0 = Debug|Any CPU
		{708F9D9B-C8C5-42DD-97F4-9514CA03B4C6}.Release|Any CPU.ActiveCfg = Release|Any CPU
		{708F9D9B-C8C5-42DD-97F4-9514CA03B4C6}.Release|Any CPU.Build.0 = Release|Any CPU
	EndGlobalSection
EndGlobal
