
Microsoft Visual Studio Solution File, Format Version 12.00
# Visual Studio Version 17
Project("{8BC9CEB8-8B4A-11D0-8D11-00A0C91BC942}") = "ALL_BUILD", "ALL_BUILD.vcxproj", "{F6CFA4D9-EB2D-3DD0-B5E4-956854B83B22}"
	ProjectSection(ProjectDependencies) = postProject
		{F82C7BB1-5168-37B7-B555-60A6825CECF7} = {F82C7BB1-5168-37B7-B555-60A6825CECF7}
		{18DF2AA1-35A5-3AF2-9157-4E3BE8913FBA} = {18DF2AA1-35A5-3AF2-9157-4E3BE8913FBA}
	EndProjectSection
EndProject
Project("{8BC9CEB8-8B4A-11D0-8D11-00A0C91BC942}") = "ZERO_CHECK", "ZERO_CHECK.vcxproj", "{F82C7BB1-5168-37B7-B555-60A6825CECF7}"
	ProjectSection(ProjectDependencies) = postProject
	EndProjectSection
EndProject
Project("{8BC9CEB8-8B4A-11D0-8D11-00A0C91BC942}") = "chaos_entry", "chaos_entry.vcxproj", "{18DF2AA1-35A5-3AF2-9157-4E3BE8913FBA}"
	ProjectSection(ProjectDependencies) = postProject
		{F82C7BB1-5168-37B7-B555-60A6825CECF7} = {F82C7BB1-5168-37B7-B555-60A6825CECF7}
	EndProjectSection
EndProject
Global
	GlobalSection(SolutionConfigurationPlatforms) = preSolution
		Debug|x64 = Debug|x64
		Release|x64 = Release|x64
		MinSizeRel|x64 = MinSizeRel|x64
		RelWithDebInfo|x64 = RelWithDebInfo|x64
	EndGlobalSection
	GlobalSection(ProjectConfigurationPlatforms) = postSolution
		{F6CFA4D9-EB2D-3DD0-B5E4-956854B83B22}.Debug|x64.ActiveCfg = Debug|x64
		{F6CFA4D9-EB2D-3DD0-B5E4-956854B83B22}.Release|x64.ActiveCfg = Release|x64
		{F6CFA4D9-EB2D-3DD0-B5E4-956854B83B22}.MinSizeRel|x64.ActiveCfg = MinSizeRel|x64
		{F6CFA4D9-EB2D-3DD0-B5E4-956854B83B22}.RelWithDebInfo|x64.ActiveCfg = RelWithDebInfo|x64
		{F82C7BB1-5168-37B7-B555-60A6825CECF7}.Debug|x64.ActiveCfg = Debug|x64
		{F82C7BB1-5168-37B7-B555-60A6825CECF7}.Debug|x64.Build.0 = Debug|x64
		{F82C7BB1-5168-37B7-B555-60A6825CECF7}.Release|x64.ActiveCfg = Release|x64
		{F82C7BB1-5168-37B7-B555-60A6825CECF7}.Release|x64.Build.0 = Release|x64
		{F82C7BB1-5168-37B7-B555-60A6825CECF7}.MinSizeRel|x64.ActiveCfg = MinSizeRel|x64
		{F82C7BB1-5168-37B7-B555-60A6825CECF7}.MinSizeRel|x64.Build.0 = MinSizeRel|x64
		{F82C7BB1-5168-37B7-B555-60A6825CECF7}.RelWithDebInfo|x64.ActiveCfg = RelWithDebInfo|x64
		{F82C7BB1-5168-37B7-B555-60A6825CECF7}.RelWithDebInfo|x64.Build.0 = RelWithDebInfo|x64
		{18DF2AA1-35A5-3AF2-9157-4E3BE8913FBA}.Debug|x64.ActiveCfg = Debug|x64
		{18DF2AA1-35A5-3AF2-9157-4E3BE8913FBA}.Debug|x64.Build.0 = Debug|x64
		{18DF2AA1-35A5-3AF2-9157-4E3BE8913FBA}.Release|x64.ActiveCfg = Release|x64
		{18DF2AA1-35A5-3AF2-9157-4E3BE8913FBA}.Release|x64.Build.0 = Release|x64
		{18DF2AA1-35A5-3AF2-9157-4E3BE8913FBA}.MinSizeRel|x64.ActiveCfg = MinSizeRel|x64
		{18DF2AA1-35A5-3AF2-9157-4E3BE8913FBA}.MinSizeRel|x64.Build.0 = MinSizeRel|x64
		{18DF2AA1-35A5-3AF2-9157-4E3BE8913FBA}.RelWithDebInfo|x64.ActiveCfg = RelWithDebInfo|x64
		{18DF2AA1-35A5-3AF2-9157-4E3BE8913FBA}.RelWithDebInfo|x64.Build.0 = RelWithDebInfo|x64
	EndGlobalSection
	GlobalSection(ExtensibilityGlobals) = postSolution
		SolutionGuid = {83EC0D57-EBC6-3FD2-887F-9C8438B11A47}
	EndGlobalSection
	GlobalSection(ExtensibilityAddIns) = postSolution
	EndGlobalSection
EndGlobal
