<?xml version="1.0" encoding="utf-8"?>
<Project ToolsVersion="17.0" xmlns="http://schemas.microsoft.com/developer/msbuild/2003">
  <ItemGroup>
    <CustomBuild Include="D:\agent\booming-il2cpp\testing\foundation-dll\System.Data.Common\chunks\system-data\build_jit_output\build_jit\CMakeFiles\604de1d962648ba53d7a1c21fabf05e8\generate.stamp.rule">
      <Filter>CMake Rules</Filter>
    </CustomBuild>
  </ItemGroup>
  <ItemGroup>
    <Filter Include="CMake Rules">
      <UniqueIdentifier>{373DB107-F09A-399E-AA7E-7E0D9DCD387B}</UniqueIdentifier>
    </Filter>
  </ItemGroup>
</Project>
