
Microsoft Visual Studio Solution File, Format Version 12.00
# Visual Studio Version 17
Project("{8BC9CEB8-8B4A-11D0-8D11-00A0C91BC942}") = "ALL_BUILD", "ALL_BUILD.vcxproj", "{2F422E6B-49B0-31BC-B2AB-92A284C3255D}"
	ProjectSection(ProjectDependencies) = postProject
		{353C5B4F-9B25-3598-B2A0-4C8B2D6371F6} = {353C5B4F-9B25-3598-B2A0-4C8B2D6371F6}
		{AE565ACB-DFA4-3BE5-B88A-1285F857764F} = {AE565ACB-DFA4-3BE5-B88A-1285F857764F}
	EndProjectSection
EndProject
Project("{8BC9CEB8-8B4A-11D0-8D11-00A0C91BC942}") = "ZERO_CHECK", "ZERO_CHECK.vcxproj", "{353C5B4F-9B25-3598-B2A0-4C8B2D6371F6}"
	ProjectSection(ProjectDependencies) = postProject
	EndProjectSection
EndProject
Project("{8BC9CEB8-8B4A-11D0-8D11-00A0C91BC942}") = "chaos_entry", "chaos_entry.vcxproj", "{AE565ACB-DFA4-3BE5-B88A-1285F857764F}"
	ProjectSection(ProjectDependencies) = postProject
		{353C5B4F-9B25-3598-B2A0-4C8B2D6371F6} = {353C5B4F-9B25-3598-B2A0-4C8B2D6371F6}
	EndProjectSection
EndProject
Global
	GlobalSection(SolutionConfigurationPlatforms) = preSolution
		Debug|x64 = Debug|x64
		Release|x64 = Release|x64
		MinSizeRel|x64 = MinSizeRel|x64
		RelWithDebInfo|x64 = RelWithDebInfo|x64
	EndGlobalSection
	GlobalSection(ProjectConfigurationPlatforms) = postSolution
		{2F422E6B-49B0-31BC-B2AB-92A284C3255D}.Debug|x64.ActiveCfg = Debug|x64
		{2F422E6B-49B0-31BC-B2AB-92A284C3255D}.Release|x64.ActiveCfg = Release|x64
		{2F422E6B-49B0-31BC-B2AB-92A284C3255D}.MinSizeRel|x64.ActiveCfg = MinSizeRel|x64
		{2F422E6B-49B0-31BC-B2AB-92A284C3255D}.RelWithDebInfo|x64.ActiveCfg = RelWithDebInfo|x64
		{353C5B4F-9B25-3598-B2A0-4C8B2D6371F6}.Debug|x64.ActiveCfg = Debug|x64
		{353C5B4F-9B25-3598-B2A0-4C8B2D6371F6}.Debug|x64.Build.0 = Debug|x64
		{353C5B4F-9B25-3598-B2A0-4C8B2D6371F6}.Release|x64.ActiveCfg = Release|x64
		{353C5B4F-9B25-3598-B2A0-4C8B2D6371F6}.Release|x64.Build.0 = Release|x64
		{353C5B4F-9B25-3598-B2A0-4C8B2D6371F6}.MinSizeRel|x64.ActiveCfg = MinSizeRel|x64
		{353C5B4F-9B25-3598-B2A0-4C8B2D6371F6}.MinSizeRel|x64.Build.0 = MinSizeRel|x64
		{353C5B4F-9B25-3598-B2A0-4C8B2D6371F6}.RelWithDebInfo|x64.ActiveCfg = RelWithDebInfo|x64
		{353C5B4F-9B25-3598-B2A0-4C8B2D6371F6}.RelWithDebInfo|x64.Build.0 = RelWithDebInfo|x64
		{AE565ACB-DFA4-3BE5-B88A-1285F857764F}.Debug|x64.ActiveCfg = Debug|x64
		{AE565ACB-DFA4-3BE5-B88A-1285F857764F}.Debug|x64.Build.0 = Debug|x64
		{AE565ACB-DFA4-3BE5-B88A-1285F857764F}.Release|x64.ActiveCfg = Release|x64
		{AE565ACB-DFA4-3BE5-B88A-1285F857764F}.Release|x64.Build.0 = Release|x64
		{AE565ACB-DFA4-3BE5-B88A-1285F857764F}.MinSizeRel|x64.ActiveCfg = MinSizeRel|x64
		{AE565ACB-DFA4-3BE5-B88A-1285F857764F}.MinSizeRel|x64.Build.0 = MinSizeRel|x64
		{AE565ACB-DFA4-3BE5-B88A-1285F857764F}.RelWithDebInfo|x64.ActiveCfg = RelWithDebInfo|x64
		{AE565ACB-DFA4-3BE5-B88A-1285F857764F}.RelWithDebInfo|x64.Build.0 = RelWithDebInfo|x64
	EndGlobalSection
	GlobalSection(ExtensibilityGlobals) = postSolution
		SolutionGuid = {C97B1B3D-F3AE-3771-BF0B-7A976AECE588}
	EndGlobalSection
	GlobalSection(ExtensibilityAddIns) = postSolution
	EndGlobalSection
EndGlobal
