<?xml version="1.0" encoding="utf-8"?>
<Project ToolsVersion="17.0" xmlns="http://schemas.microsoft.com/developer/msbuild/2003">
  <ItemGroup>
    <CustomBuild Include="D:\agent\booming-il2cpp\testing\foundation-dll\System.Private.Xml\chunks\system-xml-xsl\build_jit_output\build_jit\CMakeFiles\e0b40b11a6c27cd0bb6c0197d19b850c\generate.stamp.rule">
      <Filter>CMake Rules</Filter>
    </CustomBuild>
  </ItemGroup>
  <ItemGroup>
    <Filter Include="CMake Rules">
      <UniqueIdentifier>{A9CD63A0-A94D-34C4-9A88-78C53FB1C2BF}</UniqueIdentifier>
    </Filter>
  </ItemGroup>
</Project>
