
Microsoft Visual Studio Solution File, Format Version 12.00
# Visual Studio Version 17
VisualStudioVersion = 17.0.31903.59
MinimumVisualStudioVersion = 10.0.40219.1
Project("{FAE04EC0-301F-11D3-BF4B-00C04F79EFBC}") = "InterpreterArithmeticProof", "InterpreterArithmeticProof\InterpreterArithmeticProof.csproj", "{DB5D7618-DE99-4A64-AF80-E42CDB5AD92E}"
EndProject
Project("{2150E333-8FDC-42A3-9474-1A3956D46DE8}") = "InterpreterArithmeticProof", "InterpreterArithmeticProof", "{3A641535-3F38-404A-91D6-8D64EB03C4D7}"
EndProject
Project("{FAE04EC0-301F-11D3-BF4B-00C04F79EFBC}") = "InterpreterArithmeticProof.AotBridge", "InterpreterArithmeticProof\AotBridge\InterpreterArithmeticProof.AotBridge.csproj", "{96041BAC-E4F0-49C8-931E-0D9560A04282}"
EndProject
Global
	GlobalSection(SolutionConfigurationPlatforms) = preSolution
		Debug|Any CPU = Debug|Any CPU
		Release|Any CPU = Release|Any CPU
	EndGlobalSection
	GlobalSection(SolutionProperties) = preSolution
		HideSolutionNode = FALSE
	EndGlobalSection
	GlobalSection(ProjectConfigurationPlatforms) = postSolution
		{DB5D7618-DE99-4A64-AF80-E42CDB5AD92E}.Debug|Any CPU.ActiveCfg = Debug|Any CPU
		{DB5D7618-DE99-4A64-AF80-E42CDB5AD92E}.Debug|Any CPU.Build.0 = Debug|Any CPU
		{DB5D7618-DE99-4A64-AF80-E42CDB5AD92E}.Release|Any CPU.ActiveCfg = Release|Any CPU
		{DB5D7618-DE99-4A64-AF80-E42CDB5AD92E}.Release|Any CPU.Build.0 = Release|Any CPU
		{96041BAC-E4F0-49C8-931E-0D9560A04282}.Debug|Any CPU.ActiveCfg = Debug|Any CPU
		{96041BAC-E4F0-49C8-931E-0D9560A04282}.Debug|Any CPU.Build.0 = Debug|Any CPU
		{96041BAC-E4F0-49C8-931E-0D9560A04282}.Release|Any CPU.ActiveCfg = Release|Any CPU
		{96041BAC-E4F0-49C8-931E-0D9560A04282}.Release|Any CPU.Build.0 = Release|Any CPU
	EndGlobalSection
	GlobalSection(NestedProjects) = preSolution
		{DB5D7618-DE99-4A64-AF80-E42CDB5AD92E} = {3A641535-3F38-404A-91D6-8D64EB03C4D7}
		{96041BAC-E4F0-49C8-931E-0D9560A04282} = {3A641535-3F38-404A-91D6-8D64EB03C4D7}
	EndGlobalSection
EndGlobal
