<?xml version="1.0" encoding="utf-8"?>
<Project ToolsVersion="17.0" xmlns="http://schemas.microsoft.com/developer/msbuild/2003">
  <ItemGroup>
    <ClCompile Include="D:\agent\booming-il2cpp\verification\foundation-dll\System.Private.CoreLib\interface-dispatch\codegen\InterfaceDispatchSubjects\generated\native-aot.generated.cpp">
      <Filter>Source Files</Filter>
    </ClCompile>
  </ItemGroup>
  <ItemGroup>
    <CustomBuild Include="D:\agent\booming-il2cpp\verification\foundation-dll\System.Private.CoreLib\interface-dispatch\codegen\CMakeLists.txt" />
  </ItemGroup>
  <ItemGroup>
    <Filter Include="Source Files">
      <UniqueIdentifier>{B45151F5-DC1D-3E0C-9849-07779108D32D}</UniqueIdentifier>
    </Filter>
  </ItemGroup>
</Project>
