
Microsoft Visual Studio Solution File, Format Version 12.00
# Visual Studio Version 17
Project("{8BC9CEB8-8B4A-11D0-8D11-00A0C91BC942}") = "ALL_BUILD", "ALL_BUILD.vcxproj", "{A507EB9A-6872-3F51-ADB8-90EF8B16670D}"
	ProjectSection(ProjectDependencies) = postProject
		{E434E116-744D-39C1-AFEE-DAB11791139C} = {E434E116-744D-39C1-AFEE-DAB11791139C}
		{AF42E74A-17AF-31CA-8B54-EDACBDE21D60} = {AF42E74A-17AF-31CA-8B54-EDACBDE21D60}
	EndProjectSection
EndProject
Project("{8BC9CEB8-8B4A-11D0-8D11-00A0C91BC942}") = "ZERO_CHECK", "ZERO_CHECK.vcxproj", "{E434E116-744D-39C1-AFEE-DAB11791139C}"
	ProjectSection(ProjectDependencies) = postProject
	EndProjectSection
EndProject
Project("{8BC9CEB8-8B4A-11D0-8D11-00A0C91BC942}") = "chaos_interpreter", "chaos_interpreter.vcxproj", "{AF42E74A-17AF-31CA-8B54-EDACBDE21D60}"
	ProjectSection(ProjectDependencies) = postProject
		{E434E116-744D-39C1-AFEE-DAB11791139C} = {E434E116-744D-39C1-AFEE-DAB11791139C}
	EndProjectSection
EndProject
Global
	GlobalSection(SolutionConfigurationPlatforms) = preSolution
		Debug|x64 = Debug|x64
		Release|x64 = Release|x64
		MinSizeRel|x64 = MinSizeRel|x64
		RelWithDebInfo|x64 = RelWithDebInfo|x64
	EndGlobalSection
	GlobalSection(ProjectConfigurationPlatforms) = postSolution
		{A507EB9A-6872-3F51-ADB8-90EF8B16670D}.Debug|x64.ActiveCfg = Debug|x64
		{A507EB9A-6872-3F51-ADB8-90EF8B16670D}.Release|x64.ActiveCfg = Release|x64
		{A507EB9A-6872-3F51-ADB8-90EF8B16670D}.MinSizeRel|x64.ActiveCfg = MinSizeRel|x64
		{A507EB9A-6872-3F51-ADB8-90EF8B16670D}.RelWithDebInfo|x64.ActiveCfg = RelWithDebInfo|x64
		{E434E116-744D-39C1-AFEE-DAB11791139C}.Debug|x64.ActiveCfg = Debug|x64
		{E434E116-744D-39C1-AFEE-DAB11791139C}.Debug|x64.Build.0 = Debug|x64
		{E434E116-744D-39C1-AFEE-DAB11791139C}.Release|x64.ActiveCfg = Release|x64
		{E434E116-744D-39C1-AFEE-DAB11791139C}.Release|x64.Build.0 = Release|x64
		{E434E116-744D-39C1-AFEE-DAB11791139C}.MinSizeRel|x64.ActiveCfg = MinSizeRel|x64
		{E434E116-744D-39C1-AFEE-DAB11791139C}.MinSizeRel|x64.Build.0 = MinSizeRel|x64
		{E434E116-744D-39C1-AFEE-DAB11791139C}.RelWithDebInfo|x64.ActiveCfg = RelWithDebInfo|x64
		{E434E116-744D-39C1-AFEE-DAB11791139C}.RelWithDebInfo|x64.Build.0 = RelWithDebInfo|x64
		{AF42E74A-17AF-31CA-8B54-EDACBDE21D60}.Debug|x64.ActiveCfg = Debug|x64
		{AF42E74A-17AF-31CA-8B54-EDACBDE21D60}.Debug|x64.Build.0 = Debug|x64
		{AF42E74A-17AF-31CA-8B54-EDACBDE21D60}.Release|x64.ActiveCfg = Release|x64
		{AF42E74A-17AF-31CA-8B54-EDACBDE21D60}.Release|x64.Build.0 = Release|x64
		{AF42E74A-17AF-31CA-8B54-EDACBDE21D60}.MinSizeRel|x64.ActiveCfg = MinSizeRel|x64
		{AF42E74A-17AF-31CA-8B54-EDACBDE21D60}.MinSizeRel|x64.Build.0 = MinSizeRel|x64
		{AF42E74A-17AF-31CA-8B54-EDACBDE21D60}.RelWithDebInfo|x64.ActiveCfg = RelWithDebInfo|x64
		{AF42E74A-17AF-31CA-8B54-EDACBDE21D60}.RelWithDebInfo|x64.Build.0 = RelWithDebInfo|x64
	EndGlobalSection
	GlobalSection(ExtensibilityGlobals) = postSolution
		SolutionGuid = {9B2CB2A5-58A5-3E56-9D25-4B22370F32C8}
	EndGlobalSection
	GlobalSection(ExtensibilityAddIns) = postSolution
	EndGlobalSection
EndGlobal
