<?xml version="1.0" encoding="utf-8"?>
<Project ToolsVersion="17.0" xmlns="http://schemas.microsoft.com/developer/msbuild/2003">
  <ItemGroup>
    <CustomBuild Include="D:\agent\booming-il2cpp\testing\project-test\runtime-self-test\native\build_debug\CMakeFiles\ba39b081bde8e09870ff0eea0d1cf3c6\generate.stamp.rule">
      <Filter>CMake Rules</Filter>
    </CustomBuild>
  </ItemGroup>
  <ItemGroup>
    <Filter Include="CMake Rules">
      <UniqueIdentifier>{66BB9C00-089D-31D6-A1A0-E39F4E7F2DF3}</UniqueIdentifier>
    </Filter>
  </ItemGroup>
</Project>
