
Microsoft Visual Studio Solution File, Format Version 12.00
# Visual Studio Version 17
Project("{8BC9CEB8-8B4A-11D0-8D11-00A0C91BC942}") = "ALL_BUILD", "ALL_BUILD.vcxproj", "{3E2F6236-2639-39BC-8310-B0EA9222052F}"
	ProjectSection(ProjectDependencies) = postProject
		{666D4B2A-7EFB-3234-A649-A2D399B2EC09} = {666D4B2A-7EFB-3234-A649-A2D399B2EC09}
		{803C830E-B531-3492-AAC7-4A1D841F346F} = {803C830E-B531-3492-AAC7-4A1D841F346F}
	EndProjectSection
EndProject
Project("{8BC9CEB8-8B4A-11D0-8D11-00A0C91BC942}") = "ZERO_CHECK", "ZERO_CHECK.vcxproj", "{666D4B2A-7EFB-3234-A649-A2D399B2EC09}"
	ProjectSection(ProjectDependencies) = postProject
	EndProjectSection
EndProject
Project("{8BC9CEB8-8B4A-11D0-8D11-00A0C91BC942}") = "chaos_interpreter", "chaos_interpreter.vcxproj", "{803C830E-B531-3492-AAC7-4A1D841F346F}"
	ProjectSection(ProjectDependencies) = postProject
		{666D4B2A-7EFB-3234-A649-A2D399B2EC09} = {666D4B2A-7EFB-3234-A649-A2D399B2EC09}
	EndProjectSection
EndProject
Global
	GlobalSection(SolutionConfigurationPlatforms) = preSolution
		Debug|x64 = Debug|x64
		Release|x64 = Release|x64
		MinSizeRel|x64 = MinSizeRel|x64
		RelWithDebInfo|x64 = RelWithDebInfo|x64
	EndGlobalSection
	GlobalSection(ProjectConfigurationPlatforms) = postSolution
		{3E2F6236-2639-39BC-8310-B0EA9222052F}.Debug|x64.ActiveCfg = Debug|x64
		{3E2F6236-2639-39BC-8310-B0EA9222052F}.Release|x64.ActiveCfg = Release|x64
		{3E2F6236-2639-39BC-8310-B0EA9222052F}.MinSizeRel|x64.ActiveCfg = MinSizeRel|x64
		{3E2F6236-2639-39BC-8310-B0EA9222052F}.RelWithDebInfo|x64.ActiveCfg = RelWithDebInfo|x64
		{666D4B2A-7EFB-3234-A649-A2D399B2EC09}.Debug|x64.ActiveCfg = Debug|x64
		{666D4B2A-7EFB-3234-A649-A2D399B2EC09}.Debug|x64.Build.0 = Debug|x64
		{666D4B2A-7EFB-3234-A649-A2D399B2EC09}.Release|x64.ActiveCfg = Release|x64
		{666D4B2A-7EFB-3234-A649-A2D399B2EC09}.Release|x64.Build.0 = Release|x64
		{666D4B2A-7EFB-3234-A649-A2D399B2EC09}.MinSizeRel|x64.ActiveCfg = MinSizeRel|x64
		{666D4B2A-7EFB-3234-A649-A2D399B2EC09}.MinSizeRel|x64.Build.0 = MinSizeRel|x64
		{666D4B2A-7EFB-3234-A649-A2D399B2EC09}.RelWithDebInfo|x64.ActiveCfg = RelWithDebInfo|x64
		{666D4B2A-7EFB-3234-A649-A2D399B2EC09}.RelWithDebInfo|x64.Build.0 = RelWithDebInfo|x64
		{803C830E-B531-3492-AAC7-4A1D841F346F}.Debug|x64.ActiveCfg = Debug|x64
		{803C830E-B531-3492-AAC7-4A1D841F346F}.Debug|x64.Build.0 = Debug|x64
		{803C830E-B531-3492-AAC7-4A1D841F346F}.Release|x64.ActiveCfg = Release|x64
		{803C830E-B531-3492-AAC7-4A1D841F346F}.Release|x64.Build.0 = Release|x64
		{803C830E-B531-3492-AAC7-4A1D841F346F}.MinSizeRel|x64.ActiveCfg = MinSizeRel|x64
		{803C830E-B531-3492-AAC7-4A1D841F346F}.MinSizeRel|x64.Build.0 = MinSizeRel|x64
		{803C830E-B531-3492-AAC7-4A1D841F346F}.RelWithDebInfo|x64.ActiveCfg = RelWithDebInfo|x64
		{803C830E-B531-3492-AAC7-4A1D841F346F}.RelWithDebInfo|x64.Build.0 = RelWithDebInfo|x64
	EndGlobalSection
	GlobalSection(ExtensibilityGlobals) = postSolution
		SolutionGuid = {BB415003-4919-313F-A496-962B69BC9BAC}
	EndGlobalSection
	GlobalSection(ExtensibilityAddIns) = postSolution
	EndGlobalSection
EndGlobal
