<?xml version="1.0" encoding="utf-8"?>
<Project ToolsVersion="17.0" xmlns="http://schemas.microsoft.com/developer/msbuild/2003">
  <ItemGroup>
    <CustomBuild Include="D:\agent\booming-il2cpp\build_runtime_profile\CMakeFiles\ea321a576adc0875880f8ddab86d9a69\generate.stamp.rule">
      <Filter>CMake Rules</Filter>
    </CustomBuild>
  </ItemGroup>
  <ItemGroup>
    <Filter Include="CMake Rules">
      <UniqueIdentifier>{1BA0CEA1-9E74-3A40-989E-8CD0C12BAF7C}</UniqueIdentifier>
    </Filter>
  </ItemGroup>
</Project>
