<?xml version="1.0" encoding="utf-8"?>
<Project ToolsVersion="17.0" xmlns="http://schemas.microsoft.com/developer/msbuild/2003">
  <ItemGroup>
    <ClCompile Include="D:\agent\booming-il2cpp\src\native\runtime-core\runtime_core.cpp">
      <Filter>Source Files</Filter>
    </ClCompile>
    <ClCompile Include="D:\agent\booming-il2cpp\src\native\runtime-core\memory_domain.cpp">
      <Filter>Source Files</Filter>
    </ClCompile>
    <ClCompile Include="D:\agent\booming-il2cpp\src\native\runtime-core\vtable_registry.cpp">
      <Filter>Source Files</Filter>
    </ClCompile>
    <ClCompile Include="D:\agent\booming-il2cpp\src\native\runtime-core\convert.cpp">
      <Filter>Source Files</Filter>
    </ClCompile>
    <ClCompile Include="D:\agent\booming-il2cpp\src\native\runtime-core\parse_convert.cpp">
      <Filter>Source Files</Filter>
    </ClCompile>
    <ClCompile Include="D:\agent\booming-il2cpp\src\native\runtime-core\generic_context.cpp">
      <Filter>Source Files</Filter>
    </ClCompile>
    <ClCompile Include="D:\agent\booming-il2cpp\src\native\runtime-core\string_table.cpp">
      <Filter>Source Files</Filter>
    </ClCompile>
    <ClCompile Include="D:\agent\booming-il2cpp\src\native\runtime-core\type_registry.cpp">
      <Filter>Source Files</Filter>
    </ClCompile>
    <ClCompile Include="D:\agent\booming-il2cpp\src\native\runtime-core\eeclass.cpp">
      <Filter>Source Files</Filter>
    </ClCompile>
    <ClCompile Include="D:\agent\booming-il2cpp\src\native\runtime-core\runtime_stubs\math_stubs.cpp">
      <Filter>Source Files</Filter>
    </ClCompile>
    <ClCompile Include="D:\agent\booming-il2cpp\src\native\runtime-core\runtime_stubs\array_stubs.cpp">
      <Filter>Source Files</Filter>
    </ClCompile>
    <ClCompile Include="D:\agent\booming-il2cpp\src\native\runtime-core\runtime_stubs\datetime_stubs.cpp">
      <Filter>Source Files</Filter>
    </ClCompile>
    <ClCompile Include="D:\agent\booming-il2cpp\src\native\runtime-core\runtime_stubs\char_stubs.cpp">
      <Filter>Source Files</Filter>
    </ClCompile>
    <ClCompile Include="D:\agent\booming-il2cpp\src\native\runtime-core\runtime_stubs\guid_stubs.cpp">
      <Filter>Source Files</Filter>
    </ClCompile>
    <ClCompile Include="D:\agent\booming-il2cpp\src\native\runtime-core\runtime_stubs\enum_stubs.cpp">
      <Filter>Source Files</Filter>
    </ClCompile>
    <ClCompile Include="D:\agent\booming-il2cpp\src\native\runtime-core\runtime_stubs\random_stubs.cpp">
      <Filter>Source Files</Filter>
    </ClCompile>
    <ClCompile Include="D:\agent\booming-il2cpp\src\native\runtime-core\runtime_stubs\stream_stubs.cpp">
      <Filter>Source Files</Filter>
    </ClCompile>
    <ClCompile Include="D:\agent\booming-il2cpp\src\native\runtime-core\runtime_stubs\hashcode_stubs.cpp">
      <Filter>Source Files</Filter>
    </ClCompile>
    <ClCompile Include="D:\agent\booming-il2cpp\src\native\runtime-core\runtime_stubs\interlocked_stubs.cpp">
      <Filter>Source Files</Filter>
    </ClCompile>
    <ClCompile Include="D:\agent\booming-il2cpp\src\native\runtime-core\runtime_stubs\string_stubs.cpp">
      <Filter>Source Files</Filter>
    </ClCompile>
    <ClCompile Include="D:\agent\booming-il2cpp\src\native\runtime-core\runtime_stubs\exception_stubs.cpp">
      <Filter>Source Files</Filter>
    </ClCompile>
    <ClCompile Include="D:\agent\booming-il2cpp\src\native\runtime-core\runtime_stubs\object_stubs.cpp">
      <Filter>Source Files</Filter>
    </ClCompile>
    <ClCompile Include="D:\agent\booming-il2cpp\src\native\runtime-core\runtime_stubs\threading_stubs.cpp">
      <Filter>Source Files</Filter>
    </ClCompile>
    <ClCompile Include="D:\agent\booming-il2cpp\src\native\runtime-core\runtime_stubs\monitor_stubs.cpp">
      <Filter>Source Files</Filter>
    </ClCompile>
    <ClCompile Include="D:\agent\booming-il2cpp\src\native\runtime-core\runtime_stubs\mutex_stubs.cpp">
      <Filter>Source Files</Filter>
    </ClCompile>
    <ClCompile Include="D:\agent\booming-il2cpp\src\native\runtime-core\runtime_stubs\threadpool_events.cpp">
      <Filter>Source Files</Filter>
    </ClCompile>
    <ClCompile Include="D:\agent\booming-il2cpp\src\native\runtime-core\runtime_stubs\convert_stubs.cpp">
      <Filter>Source Files</Filter>
    </ClCompile>
    <ClCompile Include="D:\agent\booming-il2cpp\src\native\runtime-core\runtime_stubs\collection_stubs.cpp">
      <Filter>Source Files</Filter>
    </ClCompile>
    <ClCompile Include="D:\agent\booming-il2cpp\src\native\runtime-core\runtime_stubs\misc_stubs.cpp">
      <Filter>Source Files</Filter>
    </ClCompile>
    <ClCompile Include="D:\agent\booming-il2cpp\src\native\runtime-core\runtime_stubs\interpreter_entry_direct.cpp">
      <Filter>Source Files</Filter>
    </ClCompile>
    <ClCompile Include="D:\agent\booming-il2cpp\src\native\runtime-core\runtime_stubs\registration_globals.cpp">
      <Filter>Source Files</Filter>
    </ClCompile>
    <ClCompile Include="D:\agent\booming-il2cpp\src\native\runtime-core\module_registry.cpp">
      <Filter>Source Files</Filter>
    </ClCompile>
    <ClCompile Include="D:\agent\booming-il2cpp\src\native\runtime-core\layout_engine.cpp">
      <Filter>Source Files</Filter>
    </ClCompile>
    <ClCompile Include="D:\agent\booming-il2cpp\src\native\runtime-core\instantiation_engine.cpp">
      <Filter>Source Files</Filter>
    </ClCompile>
    <ClCompile Include="D:\agent\booming-il2cpp\src\native\runtime-core\thread_state.cpp">
      <Filter>Source Files</Filter>
    </ClCompile>
    <ClCompile Include="D:\agent\booming-il2cpp\src\native\runtime-core\jit_demotion.cpp">
      <Filter>Source Files</Filter>
    </ClCompile>
    <ClCompile Include="D:\agent\booming-il2cpp\src\native\runtime-core\jit\jit_debug_contract.cpp">
      <Filter>Source Files</Filter>
    </ClCompile>
    <ClCompile Include="D:\agent\booming-il2cpp\src\native\runtime-core\thread_pool.cpp">
      <Filter>Source Files</Filter>
    </ClCompile>
    <ClCompile Include="D:\agent\booming-il2cpp\src\native\runtime-core\timer_queue.cpp">
      <Filter>Source Files</Filter>
    </ClCompile>
    <ClCompile Include="D:\agent\booming-il2cpp\src\native\runtime-core\wait_handle.cpp">
      <Filter>Source Files</Filter>
    </ClCompile>
    <ClCompile Include="D:\agent\booming-il2cpp\src\native\runtime-core\synchronization.cpp">
      <Filter>Source Files</Filter>
    </ClCompile>
    <ClCompile Include="D:\agent\booming-il2cpp\src\native\runtime-core\execution_context.cpp">
      <Filter>Source Files</Filter>
    </ClCompile>
    <ClCompile Include="D:\agent\booming-il2cpp\src\native\runtime-core\cancellation_token.cpp">
      <Filter>Source Files</Filter>
    </ClCompile>
    <ClCompile Include="D:\agent\booming-il2cpp\src\native\runtime-core\task_runner.cpp">
      <Filter>Source Files</Filter>
    </ClCompile>
    <ClCompile Include="D:\agent\booming-il2cpp\src\native\runtime-core\generic_method_instantiation.cpp">
      <Filter>Source Files</Filter>
    </ClCompile>
    <ClCompile Include="D:\agent\booming-il2cpp\src\native\runtime-core\aot_core_ir_reader.cpp">
      <Filter>Source Files</Filter>
    </ClCompile>
    <ClCompile Include="D:\agent\booming-il2cpp\src\native\runtime-core\core\delegate_helpers.cpp">
      <Filter>Source Files</Filter>
    </ClCompile>
    <ClCompile Include="D:\agent\booming-il2cpp\src\native\runtime-core\core\delegate_thunks.cpp">
      <Filter>Source Files</Filter>
    </ClCompile>
    <ClCompile Include="D:\agent\booming-il2cpp\src\native\runtime-core\method_table.cpp">
      <Filter>Source Files</Filter>
    </ClCompile>
    <ClCompile Include="D:\agent\booming-il2cpp\src\native\runtime-core\reflection_api.cpp">
      <Filter>Source Files</Filter>
    </ClCompile>
    <ClCompile Include="D:\agent\booming-il2cpp\src\native\runtime-core\abi_manifest.cpp">
      <Filter>Source Files</Filter>
    </ClCompile>
    <ClCompile Include="D:\agent\booming-il2cpp\src\native\runtime-core\hotpatch_table.cpp">
      <Filter>Source Files</Filter>
    </ClCompile>
    <ClCompile Include="D:\agent\booming-il2cpp\src\native\runtime-core\patch_loader.cpp">
      <Filter>Source Files</Filter>
    </ClCompile>
    <ClCompile Include="D:\agent\booming-il2cpp\src\native\runtime-core\jit_registration.cpp">
      <Filter>Source Files</Filter>
    </ClCompile>
    <ClCompile Include="D:\agent\booming-il2cpp\src\native\runtime-core\metadata_interface.cpp">
      <Filter>Source Files</Filter>
    </ClCompile>
    <ClCompile Include="D:\agent\booming-il2cpp\src\native\runtime-core\assembly_manager.cpp">
      <Filter>Source Files</Filter>
    </ClCompile>
    <ClCompile Include="D:\agent\booming-il2cpp\src\native\runtime-core\static_var_store.cpp">
      <Filter>Source Files</Filter>
    </ClCompile>
    <ClCompile Include="D:\agent\booming-il2cpp\src\native\runtime-core\gc\gc_scheduler.cpp">
      <Filter>Source Files</Filter>
    </ClCompile>
    <ClCompile Include="D:\agent\booming-il2cpp\src\native\runtime-core\gc\gc_region.cpp">
      <Filter>Source Files</Filter>
    </ClCompile>
    <ClCompile Include="D:\agent\booming-il2cpp\src\native\runtime-core\gc\gc_root_change.cpp">
      <Filter>Source Files</Filter>
    </ClCompile>
    <ClCompile Include="D:\agent\booming-il2cpp\src\native\runtime-core\gc\gc_card_table.cpp">
      <Filter>Source Files</Filter>
    </ClCompile>
    <ClCompile Include="D:\agent\booming-il2cpp\src\native\runtime-core\gc\gc_root_scanner.cpp">
      <Filter>Source Files</Filter>
    </ClCompile>
    <ClCompile Include="D:\agent\booming-il2cpp\src\native\runtime-core\gc\gc_static_roots.cpp">
      <Filter>Source Files</Filter>
    </ClCompile>
    <ClCompile Include="D:\agent\booming-il2cpp\src\native\runtime-core\gc\gc_young_collector.cpp">
      <Filter>Source Files</Filter>
    </ClCompile>
    <ClCompile Include="D:\agent\booming-il2cpp\src\native\runtime-core\gc\gc_old_gen.cpp">
      <Filter>Source Files</Filter>
    </ClCompile>
    <ClCompile Include="D:\agent\booming-il2cpp\src\native\runtime-core\gc\gc_demotion.cpp">
      <Filter>Source Files</Filter>
    </ClCompile>
    <ClCompile Include="D:\agent\booming-il2cpp\src\native\runtime-core\gc\gc_layout.cpp">
      <Filter>Source Files</Filter>
    </ClCompile>
    <ClCompile Include="D:\agent\booming-il2cpp\src\native\runtime-core\gc\gc_loh.cpp">
      <Filter>Source Files</Filter>
    </ClCompile>
    <ClCompile Include="D:\agent\booming-il2cpp\src\native\runtime-core\gc\gc_parallel_mark.cpp">
      <Filter>Source Files</Filter>
    </ClCompile>
    <ClCompile Include="D:\agent\booming-il2cpp\src\native\runtime-core\gc\gc_events.cpp">
      <Filter>Source Files</Filter>
    </ClCompile>
    <ClCompile Include="D:\agent\booming-il2cpp\src\native\runtime-core\gc\gc_etw.cpp">
      <Filter>Source Files</Filter>
    </ClCompile>
    <ClCompile Include="D:\agent\booming-il2cpp\src\native\runtime-core\gc\gc_gen1.cpp">
      <Filter>Source Files</Filter>
    </ClCompile>
    <ClCompile Include="D:\agent\booming-il2cpp\src\native\runtime-core\gc\gc_stats.cpp">
      <Filter>Source Files</Filter>
    </ClCompile>
    <ClCompile Include="D:\agent\booming-il2cpp\src\native\runtime-core\gc\gc_stress.cpp">
      <Filter>Source Files</Filter>
    </ClCompile>
    <ClCompile Include="D:\agent\booming-il2cpp\src\native\runtime-core\gc\gc_worker_pool.cpp">
      <Filter>Source Files</Filter>
    </ClCompile>
    <ClCompile Include="D:\agent\booming-il2cpp\src\native\runtime-core\gc\gc_bgc.cpp">
      <Filter>Source Files</Filter>
    </ClCompile>
    <ClCompile Include="D:\agent\booming-il2cpp\src\native\runtime-core\gc\gc_api.cpp">
      <Filter>Source Files</Filter>
    </ClCompile>
    <ClCompile Include="D:\agent\booming-il2cpp\src\native\runtime-core\gc\gc_coordinator.cpp">
      <Filter>Source Files</Filter>
    </ClCompile>
    <ClCompile Include="D:\agent\booming-il2cpp\src\native\runtime-core\gc\gc_heap_manager.cpp">
      <Filter>Source Files</Filter>
    </ClCompile>
    <ClCompile Include="D:\agent\booming-il2cpp\src\native\runtime-core\gc\gc_low_mem.cpp">
      <Filter>Source Files</Filter>
    </ClCompile>
    <ClCompile Include="D:\agent\booming-il2cpp\src\native\runtime-core\com_rcw.cpp">
      <Filter>Source Files</Filter>
    </ClCompile>
    <ClCompile Include="D:\agent\booming-il2cpp\src\native\runtime-core\com_ccw.cpp">
      <Filter>Source Files</Filter>
    </ClCompile>
    <ClCompile Include="D:\agent\booming-il2cpp\src\native\runtime-core\com_connection_point.cpp">
      <Filter>Source Files</Filter>
    </ClCompile>
    <ClCompile Include="D:\agent\booming-il2cpp\src\native\runtime-core\com_platform.cpp">
      <Filter>Source Files</Filter>
    </ClCompile>
    <ClCompile Include="D:\agent\booming-il2cpp\src\native\runtime-core\com_factory.cpp">
      <Filter>Source Files</Filter>
    </ClCompile>
    <ClCompile Include="D:\agent\booming-il2cpp\src\native\runtime-core\com_typelib.cpp">
      <Filter>Source Files</Filter>
    </ClCompile>
    <ClCompile Include="D:\agent\booming-il2cpp\src\native\runtime-core\domain_unloader.cpp">
      <Filter>Source Files</Filter>
    </ClCompile>
    <ClCompile Include="D:\agent\booming-il2cpp\src\native\runtime-core\native_library.cpp">
      <Filter>Source Files</Filter>
    </ClCompile>
    <ClCompile Include="D:\agent\booming-il2cpp\src\native\runtime-core\exception_api.cpp">
      <Filter>Source Files</Filter>
    </ClCompile>
    <ClCompile Include="D:\agent\booming-il2cpp\src\native\runtime-core\exception_helpers.cpp">
      <Filter>Source Files</Filter>
    </ClCompile>
    <ClCompile Include="D:\agent\booming-il2cpp\src\native\runtime-core\tier_manager.cpp">
      <Filter>Source Files</Filter>
    </ClCompile>
    <ClCompile Include="D:\agent\booming-il2cpp\src\native\runtime-core\gc\gc_numa_win.cpp">
      <Filter>Source Files</Filter>
    </ClCompile>
  </ItemGroup>
  <ItemGroup>
    <ClInclude Include="D:\agent\booming-il2cpp\src\native\runtime-core\runtime_core.h">
      <Filter>Header Files</Filter>
    </ClInclude>
    <ClInclude Include="D:\agent\booming-il2cpp\src\native\runtime-core\memory_domain.h">
      <Filter>Header Files</Filter>
    </ClInclude>
    <ClInclude Include="D:\agent\booming-il2cpp\src\native\runtime-core\memory_domain_events.h">
      <Filter>Header Files</Filter>
    </ClInclude>
    <ClInclude Include="D:\agent\booming-il2cpp\src\native\runtime-core\vtable_registry.h">
      <Filter>Header Files</Filter>
    </ClInclude>
    <ClInclude Include="D:\agent\booming-il2cpp\src\native\runtime-core\convert.h">
      <Filter>Header Files</Filter>
    </ClInclude>
    <ClInclude Include="D:\agent\booming-il2cpp\src\native\runtime-core\parse_convert.h">
      <Filter>Header Files</Filter>
    </ClInclude>
    <ClInclude Include="D:\agent\booming-il2cpp\src\native\runtime-core\runtime_vtable.h">
      <Filter>Header Files</Filter>
    </ClInclude>
    <ClInclude Include="D:\agent\booming-il2cpp\src\native\runtime-core\generic_context.h">
      <Filter>Header Files</Filter>
    </ClInclude>
    <ClInclude Include="D:\agent\booming-il2cpp\src\native\runtime-core\string_table.h">
      <Filter>Header Files</Filter>
    </ClInclude>
    <ClInclude Include="D:\agent\booming-il2cpp\src\native\runtime-core\eeclass.h">
      <Filter>Header Files</Filter>
    </ClInclude>
    <ClInclude Include="D:\agent\booming-il2cpp\src\native\runtime-core\module_registry.h">
      <Filter>Header Files</Filter>
    </ClInclude>
    <ClInclude Include="D:\agent\booming-il2cpp\src\native\runtime-core\layout_engine.h">
      <Filter>Header Files</Filter>
    </ClInclude>
    <ClInclude Include="D:\agent\booming-il2cpp\src\native\runtime-core\instantiation_engine.h">
      <Filter>Header Files</Filter>
    </ClInclude>
    <ClInclude Include="D:\agent\booming-il2cpp\src\native\runtime-core\thread_state.h">
      <Filter>Header Files</Filter>
    </ClInclude>
    <ClInclude Include="D:\agent\booming-il2cpp\src\native\runtime-core\jit_demotion.h">
      <Filter>Header Files</Filter>
    </ClInclude>
    <ClInclude Include="D:\agent\booming-il2cpp\src\native\runtime-core\thread_pool.h">
      <Filter>Header Files</Filter>
    </ClInclude>
    <ClInclude Include="D:\agent\booming-il2cpp\src\native\runtime-core\timer_queue.h">
      <Filter>Header Files</Filter>
    </ClInclude>
    <ClInclude Include="D:\agent\booming-il2cpp\src\native\runtime-core\wait_handle.h">
      <Filter>Header Files</Filter>
    </ClInclude>
    <ClInclude Include="D:\agent\booming-il2cpp\src\native\runtime-core\synchronization.h">
      <Filter>Header Files</Filter>
    </ClInclude>
    <ClInclude Include="D:\agent\booming-il2cpp\src\native\runtime-core\execution_context.h">
      <Filter>Header Files</Filter>
    </ClInclude>
    <ClInclude Include="D:\agent\booming-il2cpp\src\native\runtime-core\cancellation_token.h">
      <Filter>Header Files</Filter>
    </ClInclude>
    <ClInclude Include="D:\agent\booming-il2cpp\src\native\runtime-core\generic_method_instantiation.h">
      <Filter>Header Files</Filter>
    </ClInclude>
    <ClInclude Include="D:\agent\booming-il2cpp\src\native\runtime-core\aot_core_ir_reader.h">
      <Filter>Header Files</Filter>
    </ClInclude>
    <ClInclude Include="D:\agent\booming-il2cpp\src\native\runtime-core\core\delegate_helpers.h">
      <Filter>Header Files</Filter>
    </ClInclude>
    <ClInclude Include="D:\agent\booming-il2cpp\src\native\runtime-core\method_table.h">
      <Filter>Header Files</Filter>
    </ClInclude>
    <ClInclude Include="D:\agent\booming-il2cpp\src\native\runtime-core\reflection_api.h">
      <Filter>Header Files</Filter>
    </ClInclude>
    <ClInclude Include="D:\agent\booming-il2cpp\src\native\runtime-core\hotpatch_table.h">
      <Filter>Header Files</Filter>
    </ClInclude>
    <ClInclude Include="D:\agent\booming-il2cpp\src\native\runtime-core\patch_loader.h">
      <Filter>Header Files</Filter>
    </ClInclude>
    <ClInclude Include="D:\agent\booming-il2cpp\src\native\runtime-core\jit_registration.h">
      <Filter>Header Files</Filter>
    </ClInclude>
    <ClInclude Include="D:\agent\booming-il2cpp\src\native\runtime-core\metadata_interface.h">
      <Filter>Header Files</Filter>
    </ClInclude>
    <ClInclude Include="D:\agent\booming-il2cpp\src\native\runtime-core\assembly_manager.h">
      <Filter>Header Files</Filter>
    </ClInclude>
    <ClInclude Include="D:\agent\booming-il2cpp\src\native\runtime-core\static_var_store.h">
      <Filter>Header Files</Filter>
    </ClInclude>
    <ClInclude Include="D:\agent\booming-il2cpp\src\native\runtime-core\gc\gc_bump_cache.h">
      <Filter>Header Files</Filter>
    </ClInclude>
    <ClInclude Include="D:\agent\booming-il2cpp\src\native\runtime-core\gc\gc_bit_utils.h">
      <Filter>Header Files</Filter>
    </ClInclude>
    <ClInclude Include="D:\agent\booming-il2cpp\src\native\runtime-core\gc\gc_features.h">
      <Filter>Header Files</Filter>
    </ClInclude>
    <ClInclude Include="D:\agent\booming-il2cpp\src\native\runtime-core\gc\gc_helpers.h">
      <Filter>Header Files</Filter>
    </ClInclude>
    <ClInclude Include="D:\agent\booming-il2cpp\src\native\runtime-core\gc\gc_transition.h">
      <Filter>Header Files</Filter>
    </ClInclude>
    <ClInclude Include="D:\agent\booming-il2cpp\src\native\runtime-core\gc\gc_scheduler.h">
      <Filter>Header Files</Filter>
    </ClInclude>
    <ClInclude Include="D:\agent\booming-il2cpp\src\native\runtime-core\gc\gc_region.h">
      <Filter>Header Files</Filter>
    </ClInclude>
    <ClInclude Include="D:\agent\booming-il2cpp\src\native\runtime-core\gc\gc_root_change.h">
      <Filter>Header Files</Filter>
    </ClInclude>
    <ClInclude Include="D:\agent\booming-il2cpp\src\native\runtime-core\gc\gc_card_table.h">
      <Filter>Header Files</Filter>
    </ClInclude>
    <ClInclude Include="D:\agent\booming-il2cpp\src\native\runtime-core\gc\gc_root_scanner.h">
      <Filter>Header Files</Filter>
    </ClInclude>
    <ClInclude Include="D:\agent\booming-il2cpp\src\native\runtime-core\gc\gc_static_roots.h">
      <Filter>Header Files</Filter>
    </ClInclude>
    <ClInclude Include="D:\agent\booming-il2cpp\src\native\runtime-core\gc\gc_young_collector.h">
      <Filter>Header Files</Filter>
    </ClInclude>
    <ClInclude Include="D:\agent\booming-il2cpp\src\native\runtime-core\gc\gc_old_gen.h">
      <Filter>Header Files</Filter>
    </ClInclude>
    <ClInclude Include="D:\agent\booming-il2cpp\src\native\runtime-core\gc\gc_demotion.h">
      <Filter>Header Files</Filter>
    </ClInclude>
    <ClInclude Include="D:\agent\booming-il2cpp\src\native\runtime-core\gc\gc_layout.h">
      <Filter>Header Files</Filter>
    </ClInclude>
    <ClInclude Include="D:\agent\booming-il2cpp\src\native\runtime-core\gc\gc_loh.h">
      <Filter>Header Files</Filter>
    </ClInclude>
    <ClInclude Include="D:\agent\booming-il2cpp\src\native\runtime-core\gc\gc_numa.h">
      <Filter>Header Files</Filter>
    </ClInclude>
    <ClInclude Include="D:\agent\booming-il2cpp\src\native\runtime-core\gc\gc_parallel_mark.h">
      <Filter>Header Files</Filter>
    </ClInclude>
    <ClInclude Include="D:\agent\booming-il2cpp\src\native\runtime-core\gc\gc_events.h">
      <Filter>Header Files</Filter>
    </ClInclude>
    <ClInclude Include="D:\agent\booming-il2cpp\src\native\runtime-core\gc\gc_etw.h">
      <Filter>Header Files</Filter>
    </ClInclude>
    <ClInclude Include="D:\agent\booming-il2cpp\src\native\runtime-core\gc\gc_gen1.h">
      <Filter>Header Files</Filter>
    </ClInclude>
    <ClInclude Include="D:\agent\booming-il2cpp\src\native\runtime-core\gc\gc_stats.h">
      <Filter>Header Files</Filter>
    </ClInclude>
    <ClInclude Include="D:\agent\booming-il2cpp\src\native\runtime-core\gc\gc_stress.h">
      <Filter>Header Files</Filter>
    </ClInclude>
    <ClInclude Include="D:\agent\booming-il2cpp\src\native\runtime-core\gc\gc_worker_pool.h">
      <Filter>Header Files</Filter>
    </ClInclude>
    <ClInclude Include="D:\agent\booming-il2cpp\src\native\runtime-core\gc\gc_bgc.h">
      <Filter>Header Files</Filter>
    </ClInclude>
    <ClInclude Include="D:\agent\booming-il2cpp\src\native\runtime-core\gc\gc_bgc_inline.h">
      <Filter>Header Files</Filter>
    </ClInclude>
    <ClInclude Include="D:\agent\booming-il2cpp\src\native\runtime-core\gc\gc_api.h">
      <Filter>Header Files</Filter>
    </ClInclude>
    <ClInclude Include="D:\agent\booming-il2cpp\src\native\runtime-core\gc\gc_coordinator.h">
      <Filter>Header Files</Filter>
    </ClInclude>
    <ClInclude Include="D:\agent\booming-il2cpp\src\native\runtime-core\gc\gc_heap.h">
      <Filter>Header Files</Filter>
    </ClInclude>
    <ClInclude Include="D:\agent\booming-il2cpp\src\native\runtime-core\gc\gc_heap_manager.h">
      <Filter>Header Files</Filter>
    </ClInclude>
    <ClInclude Include="D:\agent\booming-il2cpp\src\native\runtime-core\gc\gc_low_mem.h">
      <Filter>Header Files</Filter>
    </ClInclude>
    <ClInclude Include="D:\agent\booming-il2cpp\src\native\runtime-core\com_rcw.h">
      <Filter>Header Files</Filter>
    </ClInclude>
    <ClInclude Include="D:\agent\booming-il2cpp\src\native\runtime-core\com_ccw.h">
      <Filter>Header Files</Filter>
    </ClInclude>
    <ClInclude Include="D:\agent\booming-il2cpp\src\native\runtime-core\com_connection_point.h">
      <Filter>Header Files</Filter>
    </ClInclude>
    <ClInclude Include="D:\agent\booming-il2cpp\src\native\runtime-core\com_platform.h">
      <Filter>Header Files</Filter>
    </ClInclude>
    <ClInclude Include="D:\agent\booming-il2cpp\src\native\runtime-core\com_factory.h">
      <Filter>Header Files</Filter>
    </ClInclude>
    <ClInclude Include="D:\agent\booming-il2cpp\src\native\runtime-core\com_typelib.h">
      <Filter>Header Files</Filter>
    </ClInclude>
    <ClInclude Include="D:\agent\booming-il2cpp\src\native\runtime-core\domain_unloader.h">
      <Filter>Header Files</Filter>
    </ClInclude>
    <ClInclude Include="D:\agent\booming-il2cpp\src\native\runtime-core\native_library.h">
      <Filter>Header Files</Filter>
    </ClInclude>
    <ClInclude Include="D:\agent\booming-il2cpp\src\native\runtime-core\exception_helpers.h">
      <Filter>Header Files</Filter>
    </ClInclude>
    <ClInclude Include="D:\agent\booming-il2cpp\src\native\runtime-core\tier_manager.h">
      <Filter>Header Files</Filter>
    </ClInclude>
  </ItemGroup>
  <ItemGroup>
    <CustomBuild Include="D:\agent\booming-il2cpp\src\native\runtime-core\CMakeLists.txt" />
  </ItemGroup>
  <ItemGroup>
    <Filter Include="Header Files">
      <UniqueIdentifier>{FF014E7F-EE69-3D9C-8547-896757CBF8BA}</UniqueIdentifier>
    </Filter>
    <Filter Include="Source Files">
      <UniqueIdentifier>{118C04AB-30B4-3BCC-80A0-0D86612500C6}</UniqueIdentifier>
    </Filter>
  </ItemGroup>
</Project>
