
Microsoft Visual Studio Solution File, Format Version 12.00
# Visual Studio Version 17
VisualStudioVersion = 17.0.31903.59
MinimumVisualStudioVersion = 10.0.40219.1
Project("{FAE04EC0-301F-11D3-BF4B-00C04F79EFBC}") = "HotUpdateHostPack", "HotUpdateHostPack.csproj", "{F3F2088F-11E9-48F6-B37B-DBA4EEB15932}"
EndProject
Project("{2150E333-8FDC-42A3-9474-1A3956D46DE8}") = "EngineeringScenarios", "EngineeringScenarios", "{E4A22AE0-A090-4951-9192-0A07BA00B589}"
EndProject
Project("{2150E333-8FDC-42A3-9474-1A3956D46DE8}") = "FullProjectHotUpdateSolution", "FullProjectHotUpdateSolution", "{1CD925D4-D216-47B9-BD5F-887236B31BB1}"
EndProject
Project("{FAE04EC0-301F-11D3-BF4B-00C04F79EFBC}") = "GoldenHotUpdate.SharedContracts", "EngineeringScenarios\FullProjectHotUpdateSolution\SharedContracts\GoldenHotUpdate.SharedContracts.csproj", "{3C41C83A-759D-48FA-B30A-29FD9931DDA8}"
EndProject
Project("{FAE04EC0-301F-11D3-BF4B-00C04F79EFBC}") = "GoldenHotUpdate.PatchModule", "EngineeringScenarios\FullProjectHotUpdateSolution\Patch\GoldenHotUpdate.PatchModule.csproj", "{3E2C2970-22C4-480A-BF18-47D5E651FF7A}"
EndProject
Project("{FAE04EC0-301F-11D3-BF4B-00C04F79EFBC}") = "GoldenHotUpdateHost.App", "EngineeringScenarios\FullProjectHotUpdateSolution\HostApp\GoldenHotUpdateHost.App.csproj", "{628ED015-25C2-40ED-B772-B152D9137390}"
EndProject
Global
	GlobalSection(SolutionConfigurationPlatforms) = preSolution
		Debug|Any CPU = Debug|Any CPU
		Release|Any CPU = Release|Any CPU
	EndGlobalSection
	GlobalSection(SolutionProperties) = preSolution
		HideSolutionNode = FALSE
	EndGlobalSection
	GlobalSection(ProjectConfigurationPlatforms) = postSolution
		{F3F2088F-11E9-48F6-B37B-DBA4EEB15932}.Debug|Any CPU.ActiveCfg = Debug|Any CPU
		{F3F2088F-11E9-48F6-B37B-DBA4EEB15932}.Debug|Any CPU.Build.0 = Debug|Any CPU
		{F3F2088F-11E9-48F6-B37B-DBA4EEB15932}.Release|Any CPU.ActiveCfg = Release|Any CPU
		{F3F2088F-11E9-48F6-B37B-DBA4EEB15932}.Release|Any CPU.Build.0 = Release|Any CPU
		{3C41C83A-759D-48FA-B30A-29FD9931DDA8}.Debug|Any CPU.ActiveCfg = Debug|Any CPU
		{3C41C83A-759D-48FA-B30A-29FD9931DDA8}.Debug|Any CPU.Build.0 = Debug|Any CPU
		{3C41C83A-759D-48FA-B30A-29FD9931DDA8}.Release|Any CPU.ActiveCfg = Release|Any CPU
		{3C41C83A-759D-48FA-B30A-29FD9931DDA8}.Release|Any CPU.Build.0 = Release|Any CPU
		{3E2C2970-22C4-480A-BF18-47D5E651FF7A}.Debug|Any CPU.ActiveCfg = Debug|Any CPU
		{3E2C2970-22C4-480A-BF18-47D5E651FF7A}.Debug|Any CPU.Build.0 = Debug|Any CPU
		{3E2C2970-22C4-480A-BF18-47D5E651FF7A}.Release|Any CPU.ActiveCfg = Release|Any CPU
		{3E2C2970-22C4-480A-BF18-47D5E651FF7A}.Release|Any CPU.Build.0 = Release|Any CPU
		{628ED015-25C2-40ED-B772-B152D9137390}.Debug|Any CPU.ActiveCfg = Debug|Any CPU
		{628ED015-25C2-40ED-B772-B152D9137390}.Debug|Any CPU.Build.0 = Debug|Any CPU
		{628ED015-25C2-40ED-B772-B152D9137390}.Release|Any CPU.ActiveCfg = Release|Any CPU
		{628ED015-25C2-40ED-B772-B152D9137390}.Release|Any CPU.Build.0 = Release|Any CPU
	EndGlobalSection
	GlobalSection(NestedProjects) = preSolution
		{1CD925D4-D216-47B9-BD5F-887236B31BB1} = {E4A22AE0-A090-4951-9192-0A07BA00B589}
		{3C41C83A-759D-48FA-B30A-29FD9931DDA8} = {1CD925D4-D216-47B9-BD5F-887236B31BB1}
		{3E2C2970-22C4-480A-BF18-47D5E651FF7A} = {1CD925D4-D216-47B9-BD5F-887236B31BB1}
		{628ED015-25C2-40ED-B772-B152D9137390} = {1CD925D4-D216-47B9-BD5F-887236B31BB1}
	EndGlobalSection
EndGlobal
