
Microsoft Visual Studio Solution File, Format Version 12.00
# Visual Studio Version 17
Project("{8BC9CEB8-8B4A-11D0-8D11-00A0C91BC942}") = "ALL_BUILD", "ALL_BUILD.vcxproj", "{17B0276E-21D9-3FD4-9727-081749DC5EDF}"
	ProjectSection(ProjectDependencies) = postProject
		{A2B28025-0E90-39DD-92C7-E4CE1BBCEB38} = {A2B28025-0E90-39DD-92C7-E4CE1BBCEB38}
		{90735203-7BFD-3C08-A341-1E12348793D3} = {90735203-7BFD-3C08-A341-1E12348793D3}
	EndProjectSection
EndProject
Project("{8BC9CEB8-8B4A-11D0-8D11-00A0C91BC942}") = "ZERO_CHECK", "ZERO_CHECK.vcxproj", "{A2B28025-0E90-39DD-92C7-E4CE1BBCEB38}"
	ProjectSection(ProjectDependencies) = postProject
	EndProjectSection
EndProject
Project("{8BC9CEB8-8B4A-11D0-8D11-00A0C91BC942}") = "chaos_entry", "chaos_entry.vcxproj", "{90735203-7BFD-3C08-A341-1E12348793D3}"
	ProjectSection(ProjectDependencies) = postProject
		{A2B28025-0E90-39DD-92C7-E4CE1BBCEB38} = {A2B28025-0E90-39DD-92C7-E4CE1BBCEB38}
	EndProjectSection
EndProject
Global
	GlobalSection(SolutionConfigurationPlatforms) = preSolution
		Debug|x64 = Debug|x64
		Release|x64 = Release|x64
		MinSizeRel|x64 = MinSizeRel|x64
		RelWithDebInfo|x64 = RelWithDebInfo|x64
	EndGlobalSection
	GlobalSection(ProjectConfigurationPlatforms) = postSolution
		{17B0276E-21D9-3FD4-9727-081749DC5EDF}.Debug|x64.ActiveCfg = Debug|x64
		{17B0276E-21D9-3FD4-9727-081749DC5EDF}.Release|x64.ActiveCfg = Release|x64
		{17B0276E-21D9-3FD4-9727-081749DC5EDF}.MinSizeRel|x64.ActiveCfg = MinSizeRel|x64
		{17B0276E-21D9-3FD4-9727-081749DC5EDF}.RelWithDebInfo|x64.ActiveCfg = RelWithDebInfo|x64
		{A2B28025-0E90-39DD-92C7-E4CE1BBCEB38}.Debug|x64.ActiveCfg = Debug|x64
		{A2B28025-0E90-39DD-92C7-E4CE1BBCEB38}.Debug|x64.Build.0 = Debug|x64
		{A2B28025-0E90-39DD-92C7-E4CE1BBCEB38}.Release|x64.ActiveCfg = Release|x64
		{A2B28025-0E90-39DD-92C7-E4CE1BBCEB38}.Release|x64.Build.0 = Release|x64
		{A2B28025-0E90-39DD-92C7-E4CE1BBCEB38}.MinSizeRel|x64.ActiveCfg = MinSizeRel|x64
		{A2B28025-0E90-39DD-92C7-E4CE1BBCEB38}.MinSizeRel|x64.Build.0 = MinSizeRel|x64
		{A2B28025-0E90-39DD-92C7-E4CE1BBCEB38}.RelWithDebInfo|x64.ActiveCfg = RelWithDebInfo|x64
		{A2B28025-0E90-39DD-92C7-E4CE1BBCEB38}.RelWithDebInfo|x64.Build.0 = RelWithDebInfo|x64
		{90735203-7BFD-3C08-A341-1E12348793D3}.Debug|x64.ActiveCfg = Debug|x64
		{90735203-7BFD-3C08-A341-1E12348793D3}.Debug|x64.Build.0 = Debug|x64
		{90735203-7BFD-3C08-A341-1E12348793D3}.Release|x64.ActiveCfg = Release|x64
		{90735203-7BFD-3C08-A341-1E12348793D3}.Release|x64.Build.0 = Release|x64
		{90735203-7BFD-3C08-A341-1E12348793D3}.MinSizeRel|x64.ActiveCfg = MinSizeRel|x64
		{90735203-7BFD-3C08-A341-1E12348793D3}.MinSizeRel|x64.Build.0 = MinSizeRel|x64
		{90735203-7BFD-3C08-A341-1E12348793D3}.RelWithDebInfo|x64.ActiveCfg = RelWithDebInfo|x64
		{90735203-7BFD-3C08-A341-1E12348793D3}.RelWithDebInfo|x64.Build.0 = RelWithDebInfo|x64
	EndGlobalSection
	GlobalSection(ExtensibilityGlobals) = postSolution
		SolutionGuid = {27BDFC48-00DF-3283-80E9-6B9242EE0597}
	EndGlobalSection
	GlobalSection(ExtensibilityAddIns) = postSolution
	EndGlobalSection
EndGlobal
