
Microsoft Visual Studio Solution File, Format Version 12.00
# Visual Studio Version 17
VisualStudioVersion = 17.0.31903.59
MinimumVisualStudioVersion = 10.0.40219.1
Project("{FAE04EC0-301F-11D3-BF4B-00C04F79EFBC}") = "SolutionCorePack", "Launcher\SolutionCorePack.csproj", "{4B6FAF7A-0AA6-4D39-9040-C61DD43AA77D}"
EndProject
Project("{FAE04EC0-301F-11D3-BF4B-00C04F79EFBC}") = "MainlineFeaturePack", "Slices\MainlineFeaturePack\MainlineFeaturePack.csproj", "{A0BB3E3F-2A44-4778-91BF-3901E3A417D8}"
EndProject
Project("{FAE04EC0-301F-11D3-BF4B-00C04F79EFBC}") = "PerformanceFeaturePack", "Slices\PerformanceFeaturePack\PerformanceFeaturePack.csproj", "{F4E0F248-2D71-41B1-9E54-7B6B0C1A2D3A}"
EndProject
Project("{FAE04EC0-301F-11D3-BF4B-00C04F79EFBC}") = "GoldenSimpleLib.App", "Archetypes\SolutionSimpleLib\App\GoldenSimpleLib.App.csproj", "{E0E86015-240B-42A8-A265-E5F97F26E7D2}"
EndProject
Project("{FAE04EC0-301F-11D3-BF4B-00C04F79EFBC}") = "GoldenMultiProject.App", "Archetypes\SolutionMultiProject\App\GoldenMultiProject.App.csproj", "{CBBCF1B0-F9EC-4932-A2BE-BD918E861F0A}"
EndProject
Project("{FAE04EC0-301F-11D3-BF4B-00C04F79EFBC}") = "GoldenWithPackage.App", "Archetypes\SolutionPackageReference\App\GoldenWithPackage.App.csproj", "{E76491A7-7B56-4518-85B8-99898E4C0BE7}"
EndProject
Project("{2150E333-8FDC-42A3-9474-1A3956D46DE8}") = "Slices", "Slices", "{2389F34E-C4FF-4A93-85E2-5666D70122A3}"
EndProject
Global
	GlobalSection(SolutionConfigurationPlatforms) = preSolution
		Debug|Any CPU = Debug|Any CPU
		Release|Any CPU = Release|Any CPU
	EndGlobalSection
	GlobalSection(SolutionProperties) = preSolution
		HideSolutionNode = FALSE
	EndGlobalSection
	GlobalSection(ProjectConfigurationPlatforms) = postSolution
		{4B6FAF7A-0AA6-4D39-9040-C61DD43AA77D}.Debug|Any CPU.ActiveCfg = Debug|Any CPU
		{4B6FAF7A-0AA6-4D39-9040-C61DD43AA77D}.Debug|Any CPU.Build.0 = Debug|Any CPU
		{4B6FAF7A-0AA6-4D39-9040-C61DD43AA77D}.Release|Any CPU.ActiveCfg = Release|Any CPU
		{4B6FAF7A-0AA6-4D39-9040-C61DD43AA77D}.Release|Any CPU.Build.0 = Release|Any CPU
		{A0BB3E3F-2A44-4778-91BF-3901E3A417D8}.Debug|Any CPU.ActiveCfg = Debug|Any CPU
		{A0BB3E3F-2A44-4778-91BF-3901E3A417D8}.Debug|Any CPU.Build.0 = Debug|Any CPU
		{A0BB3E3F-2A44-4778-91BF-3901E3A417D8}.Release|Any CPU.ActiveCfg = Release|Any CPU
		{A0BB3E3F-2A44-4778-91BF-3901E3A417D8}.Release|Any CPU.Build.0 = Release|Any CPU
		{F4E0F248-2D71-41B1-9E54-7B6B0C1A2D3A}.Debug|Any CPU.ActiveCfg = Debug|Any CPU
		{F4E0F248-2D71-41B1-9E54-7B6B0C1A2D3A}.Debug|Any CPU.Build.0 = Debug|Any CPU
		{F4E0F248-2D71-41B1-9E54-7B6B0C1A2D3A}.Release|Any CPU.ActiveCfg = Release|Any CPU
		{F4E0F248-2D71-41B1-9E54-7B6B0C1A2D3A}.Release|Any CPU.Build.0 = Release|Any CPU
		{E0E86015-240B-42A8-A265-E5F97F26E7D2}.Debug|Any CPU.ActiveCfg = Debug|Any CPU
		{E0E86015-240B-42A8-A265-E5F97F26E7D2}.Debug|Any CPU.Build.0 = Debug|Any CPU
		{E0E86015-240B-42A8-A265-E5F97F26E7D2}.Release|Any CPU.ActiveCfg = Release|Any CPU
		{E0E86015-240B-42A8-A265-E5F97F26E7D2}.Release|Any CPU.Build.0 = Release|Any CPU
		{CBBCF1B0-F9EC-4932-A2BE-BD918E861F0A}.Debug|Any CPU.ActiveCfg = Debug|Any CPU
		{CBBCF1B0-F9EC-4932-A2BE-BD918E861F0A}.Debug|Any CPU.Build.0 = Debug|Any CPU
		{CBBCF1B0-F9EC-4932-A2BE-BD918E861F0A}.Release|Any CPU.ActiveCfg = Release|Any CPU
		{CBBCF1B0-F9EC-4932-A2BE-BD918E861F0A}.Release|Any CPU.Build.0 = Release|Any CPU
		{E76491A7-7B56-4518-85B8-99898E4C0BE7}.Debug|Any CPU.ActiveCfg = Debug|Any CPU
		{E76491A7-7B56-4518-85B8-99898E4C0BE7}.Debug|Any CPU.Build.0 = Debug|Any CPU
		{E76491A7-7B56-4518-85B8-99898E4C0BE7}.Release|Any CPU.ActiveCfg = Release|Any CPU
		{E76491A7-7B56-4518-85B8-99898E4C0BE7}.Release|Any CPU.Build.0 = Release|Any CPU
	EndGlobalSection
	GlobalSection(NestedProjects) = preSolution
	EndGlobalSection
EndGlobal
