<?xml version="1.0" encoding="utf-8"?>
<Project ToolsVersion="17.0" xmlns="http://schemas.microsoft.com/developer/msbuild/2003">
  <ItemGroup>
    <ClCompile Include="D:\agent\booming-il2cpp\testing\foundation-dll\System.ComponentModel.TypeConverter\chunks\component-model\build_jit_output\runtime-entry.cpp">
      <Filter>Source Files</Filter>
    </ClCompile>
    <ClCompile Include="D:\agent\booming-il2cpp\testing\foundation-dll\System.ComponentModel.TypeConverter\chunks\component-model\build_jit_output\runtime-patchdata.cpp">
      <Filter>Source Files</Filter>
    </ClCompile>
    <ClCompile Include="D:\agent\booming-il2cpp\testing\foundation-dll\System.ComponentModel.TypeConverter\chunks\component-model\build_jit_output\verification_dispatch.generated.cpp">
      <Filter>Source Files</Filter>
    </ClCompile>
    <ClCompile Include="D:\agent\booming-il2cpp\testing\foundation-dll\System.ComponentModel.TypeConverter\chunks\component-model\build_jit_output\chaos_stub_ChaosFindExternalTypeDescByStableId.cpp">
      <Filter>Source Files</Filter>
    </ClCompile>
    <ClCompile Include="D:\agent\booming-il2cpp\testing\foundation-dll\System.ComponentModel.TypeConverter\chunks\component-model\build_jit_output\chaos_stub_async.cpp">
      <Filter>Source Files</Filter>
    </ClCompile>
    <ClCompile Include="D:\agent\booming-il2cpp\testing\foundation-dll\System.ComponentModel.TypeConverter\chunks\component-model\build_jit_output\chaos_stub_patch_loader.cpp">
      <Filter>Source Files</Filter>
    </ClCompile>
    <ClCompile Include="D:\agent\booming-il2cpp\testing\foundation-dll\System.ComponentModel.TypeConverter\chunks\component-model\build_jit_output\microbench.cpp">
      <Filter>Source Files</Filter>
    </ClCompile>
    <ClCompile Include="D:\agent\booming-il2cpp\testing\foundation-dll\System.ComponentModel.TypeConverter\chunks\component-model\build_jit_output\patch-host-arrays.cpp">
      <Filter>Source Files</Filter>
    </ClCompile>
    <ClCompile Include="D:\agent\booming-il2cpp\testing\foundation-dll\System.ComponentModel.TypeConverter\chunks\component-model\build_jit_output\codegen\runtime_stubs\profile_globals.cpp">
      <Filter>Source Files</Filter>
    </ClCompile>
    <ClCompile Include="D:\agent\booming-il2cpp\testing\foundation-dll\System.ComponentModel.TypeConverter\chunks\component-model\build_jit_output\codegen\runtime_stubs\array_stubs.cpp">
      <Filter>Source Files</Filter>
    </ClCompile>
    <ClCompile Include="D:\agent\booming-il2cpp\testing\foundation-dll\System.ComponentModel.TypeConverter\chunks\component-model\build_jit_output\codegen\runtime_stubs\math_stubs.cpp">
      <Filter>Source Files</Filter>
    </ClCompile>
    <ClCompile Include="D:\agent\booming-il2cpp\testing\foundation-dll\System.ComponentModel.TypeConverter\chunks\component-model\build_jit_output\codegen\runtime_stubs\simd_stubs.cpp">
      <Filter>Source Files</Filter>
    </ClCompile>
    <ClCompile Include="D:\agent\booming-il2cpp\testing\foundation-dll\System.ComponentModel.TypeConverter\chunks\component-model\build_jit_output\codegen\runtime_stubs\misc_stubs.cpp">
      <Filter>Source Files</Filter>
    </ClCompile>
    <ClCompile Include="D:\agent\booming-il2cpp\testing\foundation-dll\System.ComponentModel.TypeConverter\chunks\component-model\build_jit_output\codegen\runtime_stubs\interop_stubs.cpp">
      <Filter>Source Files</Filter>
    </ClCompile>
    <ClCompile Include="D:\agent\booming-il2cpp\testing\foundation-dll\System.ComponentModel.TypeConverter\chunks\component-model\build_jit_output\codegen\runtime_stubs\exception_stubs.cpp">
      <Filter>Source Files</Filter>
    </ClCompile>
    <ClCompile Include="D:\agent\booming-il2cpp\src\native\runtime-core\hotpatch_table.cpp">
      <Filter>Source Files</Filter>
    </ClCompile>
    <ClCompile Include="D:\agent\booming-il2cpp\src\native\interpreter\interp_entry\eager_compile.cpp">
      <Filter>Source Files</Filter>
    </ClCompile>
    <ClCompile Include="D:\agent\booming-il2cpp\testing\foundation-dll\System.ComponentModel.TypeConverter\chunks\component-model\build_jit_output\subjects\chaos_generated_module.cpp">
      <Filter>Source Files</Filter>
    </ClCompile>
    <ClCompile Include="D:\agent\booming-il2cpp\testing\foundation-dll\System.ComponentModel.TypeConverter\chunks\component-model\build_jit_output\subjects\native-aot.generated.cpp">
      <Filter>Source Files</Filter>
    </ClCompile>
    <ClCompile Include="D:\agent\booming-il2cpp\testing\foundation-dll\System.ComponentModel.TypeConverter\chunks\component-model\build_jit_output\subjects\native-aot.generated.page10.cpp">
      <Filter>Source Files</Filter>
    </ClCompile>
    <ClCompile Include="D:\agent\booming-il2cpp\testing\foundation-dll\System.ComponentModel.TypeConverter\chunks\component-model\build_jit_output\subjects\native-aot.generated.page11.cpp">
      <Filter>Source Files</Filter>
    </ClCompile>
    <ClCompile Include="D:\agent\booming-il2cpp\testing\foundation-dll\System.ComponentModel.TypeConverter\chunks\component-model\build_jit_output\subjects\native-aot.generated.page12.cpp">
      <Filter>Source Files</Filter>
    </ClCompile>
    <ClCompile Include="D:\agent\booming-il2cpp\testing\foundation-dll\System.ComponentModel.TypeConverter\chunks\component-model\build_jit_output\subjects\native-aot.generated.page13.cpp">
      <Filter>Source Files</Filter>
    </ClCompile>
    <ClCompile Include="D:\agent\booming-il2cpp\testing\foundation-dll\System.ComponentModel.TypeConverter\chunks\component-model\build_jit_output\subjects\native-aot.generated.page2.cpp">
      <Filter>Source Files</Filter>
    </ClCompile>
    <ClCompile Include="D:\agent\booming-il2cpp\testing\foundation-dll\System.ComponentModel.TypeConverter\chunks\component-model\build_jit_output\subjects\native-aot.generated.page3.cpp">
      <Filter>Source Files</Filter>
    </ClCompile>
    <ClCompile Include="D:\agent\booming-il2cpp\testing\foundation-dll\System.ComponentModel.TypeConverter\chunks\component-model\build_jit_output\subjects\native-aot.generated.page4.cpp">
      <Filter>Source Files</Filter>
    </ClCompile>
    <ClCompile Include="D:\agent\booming-il2cpp\testing\foundation-dll\System.ComponentModel.TypeConverter\chunks\component-model\build_jit_output\subjects\native-aot.generated.page5.cpp">
      <Filter>Source Files</Filter>
    </ClCompile>
    <ClCompile Include="D:\agent\booming-il2cpp\testing\foundation-dll\System.ComponentModel.TypeConverter\chunks\component-model\build_jit_output\subjects\native-aot.generated.page6.cpp">
      <Filter>Source Files</Filter>
    </ClCompile>
    <ClCompile Include="D:\agent\booming-il2cpp\testing\foundation-dll\System.ComponentModel.TypeConverter\chunks\component-model\build_jit_output\subjects\native-aot.generated.page7.cpp">
      <Filter>Source Files</Filter>
    </ClCompile>
    <ClCompile Include="D:\agent\booming-il2cpp\testing\foundation-dll\System.ComponentModel.TypeConverter\chunks\component-model\build_jit_output\subjects\native-aot.generated.page8.cpp">
      <Filter>Source Files</Filter>
    </ClCompile>
    <ClCompile Include="D:\agent\booming-il2cpp\testing\foundation-dll\System.ComponentModel.TypeConverter\chunks\component-model\build_jit_output\subjects\native-aot.generated.page9.cpp">
      <Filter>Source Files</Filter>
    </ClCompile>
  </ItemGroup>
  <ItemGroup>
    <CustomBuild Include="D:\agent\booming-il2cpp\testing\foundation-dll\System.ComponentModel.TypeConverter\chunks\component-model\build_jit_output\CMakeLists.txt" />
  </ItemGroup>
  <ItemGroup>
    <Filter Include="Source Files">
      <UniqueIdentifier>{1BB28472-82EF-3686-936E-13240D320875}</UniqueIdentifier>
    </Filter>
  </ItemGroup>
</Project>
