<?xml version="1.0" encoding="utf-8"?>
<Project ToolsVersion="17.0" xmlns="http://schemas.microsoft.com/developer/msbuild/2003">
  <ItemGroup>
    <CustomBuild Include="D:\agent\booming-il2cpp\testing\foundation-dll\System.ComponentModel.TypeConverter\chunks\component-model\build_jit_output\build_jit\CMakeFiles\bc79b0190f37ca22ff68e87d82cfe98f\generate.stamp.rule">
      <Filter>CMake Rules</Filter>
    </CustomBuild>
  </ItemGroup>
  <ItemGroup>
    <Filter Include="CMake Rules">
      <UniqueIdentifier>{4576FFE6-1A71-3436-96A4-8EFE2C4C0348}</UniqueIdentifier>
    </Filter>
  </ItemGroup>
</Project>
