
Microsoft Visual Studio Solution File, Format Version 12.00
# Visual Studio Version 17
Project("{8BC9CEB8-8B4A-11D0-8D11-00A0C91BC942}") = "ALL_BUILD", "ALL_BUILD.vcxproj", "{AB73E765-A9AF-36BE-B2BF-2F84EED64C13}"
	ProjectSection(ProjectDependencies) = postProject
		{24CFC1DD-CBC3-3B06-BE61-B35FC14E12A5} = {24CFC1DD-CBC3-3B06-BE61-B35FC14E12A5}
		{0B3868D7-56A9-302F-AB22-909C3F2C65A5} = {0B3868D7-56A9-302F-AB22-909C3F2C65A5}
	EndProjectSection
EndProject
Project("{8BC9CEB8-8B4A-11D0-8D11-00A0C91BC942}") = "ZERO_CHECK", "ZERO_CHECK.vcxproj", "{24CFC1DD-CBC3-3B06-BE61-B35FC14E12A5}"
	ProjectSection(ProjectDependencies) = postProject
	EndProjectSection
EndProject
Project("{8BC9CEB8-8B4A-11D0-8D11-00A0C91BC942}") = "entry", "entry.vcxproj", "{0B3868D7-56A9-302F-AB22-909C3F2C65A5}"
	ProjectSection(ProjectDependencies) = postProject
		{24CFC1DD-CBC3-3B06-BE61-B35FC14E12A5} = {24CFC1DD-CBC3-3B06-BE61-B35FC14E12A5}
	EndProjectSection
EndProject
Global
	GlobalSection(SolutionConfigurationPlatforms) = preSolution
		Debug|x64 = Debug|x64
		Release|x64 = Release|x64
		MinSizeRel|x64 = MinSizeRel|x64
		RelWithDebInfo|x64 = RelWithDebInfo|x64
	EndGlobalSection
	GlobalSection(ProjectConfigurationPlatforms) = postSolution
		{AB73E765-A9AF-36BE-B2BF-2F84EED64C13}.Debug|x64.ActiveCfg = Debug|x64
		{AB73E765-A9AF-36BE-B2BF-2F84EED64C13}.Release|x64.ActiveCfg = Release|x64
		{AB73E765-A9AF-36BE-B2BF-2F84EED64C13}.MinSizeRel|x64.ActiveCfg = MinSizeRel|x64
		{AB73E765-A9AF-36BE-B2BF-2F84EED64C13}.RelWithDebInfo|x64.ActiveCfg = RelWithDebInfo|x64
		{24CFC1DD-CBC3-3B06-BE61-B35FC14E12A5}.Debug|x64.ActiveCfg = Debug|x64
		{24CFC1DD-CBC3-3B06-BE61-B35FC14E12A5}.Debug|x64.Build.0 = Debug|x64
		{24CFC1DD-CBC3-3B06-BE61-B35FC14E12A5}.Release|x64.ActiveCfg = Release|x64
		{24CFC1DD-CBC3-3B06-BE61-B35FC14E12A5}.Release|x64.Build.0 = Release|x64
		{24CFC1DD-CBC3-3B06-BE61-B35FC14E12A5}.MinSizeRel|x64.ActiveCfg = MinSizeRel|x64
		{24CFC1DD-CBC3-3B06-BE61-B35FC14E12A5}.MinSizeRel|x64.Build.0 = MinSizeRel|x64
		{24CFC1DD-CBC3-3B06-BE61-B35FC14E12A5}.RelWithDebInfo|x64.ActiveCfg = RelWithDebInfo|x64
		{24CFC1DD-CBC3-3B06-BE61-B35FC14E12A5}.RelWithDebInfo|x64.Build.0 = RelWithDebInfo|x64
		{0B3868D7-56A9-302F-AB22-909C3F2C65A5}.Debug|x64.ActiveCfg = Debug|x64
		{0B3868D7-56A9-302F-AB22-909C3F2C65A5}.Debug|x64.Build.0 = Debug|x64
		{0B3868D7-56A9-302F-AB22-909C3F2C65A5}.Release|x64.ActiveCfg = Release|x64
		{0B3868D7-56A9-302F-AB22-909C3F2C65A5}.Release|x64.Build.0 = Release|x64
		{0B3868D7-56A9-302F-AB22-909C3F2C65A5}.MinSizeRel|x64.ActiveCfg = MinSizeRel|x64
		{0B3868D7-56A9-302F-AB22-909C3F2C65A5}.MinSizeRel|x64.Build.0 = MinSizeRel|x64
		{0B3868D7-56A9-302F-AB22-909C3F2C65A5}.RelWithDebInfo|x64.ActiveCfg = RelWithDebInfo|x64
		{0B3868D7-56A9-302F-AB22-909C3F2C65A5}.RelWithDebInfo|x64.Build.0 = RelWithDebInfo|x64
	EndGlobalSection
	GlobalSection(ExtensibilityGlobals) = postSolution
		SolutionGuid = {F0EE1704-973A-373A-A5C1-8DF3259505D9}
	EndGlobalSection
	GlobalSection(ExtensibilityAddIns) = postSolution
	EndGlobalSection
EndGlobal
