
Microsoft Visual Studio Solution File, Format Version 12.00
# Visual Studio Version 17
VisualStudioVersion = 17.0.31903.59
MinimumVisualStudioVersion = 10.0.40219.1
Project("{FAE04EC0-301F-11D3-BF4B-00C04F79EFBC}") = "SolutionCorePack", "SolutionCorePack.csproj", "{4B6FAF7A-0AA6-4D39-9040-C61DD43AA77D}"
EndProject
Project("{FAE04EC0-301F-11D3-BF4B-00C04F79EFBC}") = "CoreRuntimeFeatures", "..\..\proofs\CoreRuntimeFeatures\CoreRuntimeFeatures.csproj", "{A0BB3E3F-2A44-4778-91BF-3901E3A417D8}"
EndProject
Project("{FAE04EC0-301F-11D3-BF4B-00C04F79EFBC}") = "CoreRuntimeBenchmarks", "..\..\benchmarks\CoreRuntimeBenchmarks\CoreRuntimeBenchmarks.csproj", "{F4E0F248-2D71-41B1-9E54-7B6B0C1A2D3A}"
EndProject
Project("{FAE04EC0-301F-11D3-BF4B-00C04F79EFBC}") = "GoldenSimpleLib.App", "..\..\..\..\scenarios\SolutionCorePack\SimpleLibrarySolution\App\GoldenSimpleLib.App.csproj", "{E0E86015-240B-42A8-A265-E5F97F26E7D2}"
EndProject
Project("{FAE04EC0-301F-11D3-BF4B-00C04F79EFBC}") = "GoldenMultiProject.App", "..\..\..\..\scenarios\SolutionCorePack\MultiProjectSolution\App\GoldenMultiProject.App.csproj", "{CBBCF1B0-F9EC-4932-A2BE-BD918E861F0A}"
EndProject
Project("{FAE04EC0-301F-11D3-BF4B-00C04F79EFBC}") = "GoldenWithPackage.App", "..\..\..\..\scenarios\SolutionCorePack\PackageReferenceSolution\App\GoldenWithPackage.App.csproj", "{E76491A7-7B56-4518-85B8-99898E4C0BE7}"
EndProject
Project("{2150E333-8FDC-42A3-9474-1A3956D46DE8}") = "Proofs", "Proofs", "{2389F34E-C4FF-4A93-85E2-5666D70122A3}"
EndProject
Project("{2150E333-8FDC-42A3-9474-1A3956D46DE8}") = "EngineeringScenarios", "EngineeringScenarios", "{ADE02328-DE6C-435B-85E0-1248E41FA9EE}"
EndProject
Project("{2150E333-8FDC-42A3-9474-1A3956D46DE8}") = "ReferenceAssemblySolution", "ReferenceAssemblySolution", "{6581A325-4660-49F7-88A2-F8EE4E3036E8}"
EndProject
Project("{FAE04EC0-301F-11D3-BF4B-00C04F79EFBC}") = "GoldenReferenceAssembly.App", "..\..\..\..\scenarios\SolutionCorePack\ReferenceAssemblySolution\App\GoldenReferenceAssembly.App.csproj", "{2A54A49C-3304-4279-9038-28D1A206FA3F}"
EndProject
Project("{2150E333-8FDC-42A3-9474-1A3956D46DE8}") = "CoreLibReferenceSolution", "CoreLibReferenceSolution", "{CB98E54C-FD06-45C4-B130-A03194384FE5}"
EndProject
Project("{FAE04EC0-301F-11D3-BF4B-00C04F79EFBC}") = "GoldenCoreLibReference.App", "..\..\..\..\scenarios\SolutionCorePack\CoreLibReferenceSolution\App\GoldenCoreLibReference.App.csproj", "{95963B7C-A353-43DA-BC60-040C69677CA2}"
EndProject
Project("{FAE04EC0-301F-11D3-BF4B-00C04F79EFBC}") = "GoldenCoreLibReference.NativeProofApp", "..\..\..\..\scenarios\SolutionCorePack\CoreLibReferenceSolution\NativeProofApp\GoldenCoreLibReference.NativeProofApp.csproj", "{DB81067D-82AD-45F3-B7E6-0B19C9904B45}"
EndProject
Project("{FAE04EC0-301F-11D3-BF4B-00C04F79EFBC}") = "GoldenCoreLibReference.HotUpdatePatch", "..\..\..\..\scenarios\SolutionCorePack\CoreLibReferenceSolution\HotUpdatePatch\GoldenCoreLibReference.HotUpdatePatch.csproj", "{6DAA6E43-5A6D-4D0D-A4A0-07E8A62B0F12}"
EndProject
Project("{2150E333-8FDC-42A3-9474-1A3956D46DE8}") = "MixedReferenceClosureSolution", "MixedReferenceClosureSolution", "{0784926B-B5CE-4A0D-B724-47151A9B0265}"
EndProject
Project("{FAE04EC0-301F-11D3-BF4B-00C04F79EFBC}") = "GoldenMixedReference.App", "..\..\..\..\scenarios\SolutionCorePack\MixedReferenceClosureSolution\App\GoldenMixedReference.App.csproj", "{CC4D9DB6-41D5-4B3E-BCDF-BB9BC129C1BA}"
EndProject
Project("{2150E333-8FDC-42A3-9474-1A3956D46DE8}") = "FoundationDllTranslationSolution", "FoundationDllTranslationSolution", "{A5D5C92F-3378-4F7A-A2C7-B4E1E99F13B8}"
EndProject
Project("{FAE04EC0-301F-11D3-BF4B-00C04F79EFBC}") = "FoundationDllTranslation.App", "..\..\..\..\scenarios\SolutionCorePack\FoundationDllTranslationSolution\App\FoundationDllTranslation.App.csproj", "{7E6AE343-7E12-4A46-A4D0-4B2D5D32D5B0}"
EndProject
Project("{2150E333-8FDC-42A3-9474-1A3956D46DE8}") = "StaticCallCtorGetterSolution", "StaticCallCtorGetterSolution", "{B0E46C5E-1C9E-4D33-80DF-44FB7FE6B470}"
EndProject
Project("{FAE04EC0-301F-11D3-BF4B-00C04F79EFBC}") = "StaticCallCtorGetter.App", "..\..\..\..\scenarios\SolutionCorePack\StaticCallCtorGetterSolution\App\StaticCallCtorGetter.App.csproj", "{7A1F22C4-0A02-4B2C-A9B9-7D73A1E138A1}"
EndProject
Project("{2150E333-8FDC-42A3-9474-1A3956D46DE8}") = "ConstructorThenInstanceCallSolution", "ConstructorThenInstanceCallSolution", "{DB90C995-A069-4355-B778-D0DFBFD0605B}"
EndProject
Project("{FAE04EC0-301F-11D3-BF4B-00C04F79EFBC}") = "ConstructorThenInstanceCall.App", "..\..\..\..\scenarios\SolutionCorePack\ConstructorThenInstanceCallSolution\App\ConstructorThenInstanceCall.App.csproj", "{B8D5A1A4-1137-4C0A-B1F8-D01A8D6BEF02}"
EndProject
Project("{2150E333-8FDC-42A3-9474-1A3956D46DE8}") = "DelegateClosedTargetRelaySolution", "DelegateClosedTargetRelaySolution", "{2C610A9D-99C7-4D31-B1B8-30249FB9A49A}"
EndProject
Project("{FAE04EC0-301F-11D3-BF4B-00C04F79EFBC}") = "DelegateClosedTargetRelay.App", "..\..\..\..\scenarios\SolutionCorePack\DelegateClosedTargetRelaySolution\App\DelegateClosedTargetRelay.App.csproj", "{10F685C0-6772-4A0E-8A7D-8390C827D89A}"
EndProject
Project("{2150E333-8FDC-42A3-9474-1A3956D46DE8}") = "ExceptionThrowCatchFinallySolution", "ExceptionThrowCatchFinallySolution", "{1F3B28DF-B96D-40DA-9464-93667110E0A0}"
EndProject
Project("{FAE04EC0-301F-11D3-BF4B-00C04F79EFBC}") = "ExceptionThrowCatchFinally.App", "..\..\..\..\scenarios\SolutionCorePack\ExceptionThrowCatchFinallySolution\App\ExceptionThrowCatchFinally.App.csproj", "{3810058F-DFF8-4421-B5F4-B78CD9694D18}"
EndProject
Project("{2150E333-8FDC-42A3-9474-1A3956D46DE8}") = "NestedExceptionThrowCatchFinallySolution", "NestedExceptionThrowCatchFinallySolution", "{76D9C1E0-054D-46F0-9940-EC462781AAE0}"
EndProject
Project("{FAE04EC0-301F-11D3-BF4B-00C04F79EFBC}") = "NestedExceptionThrowCatchFinally.App", "..\..\..\..\scenarios\SolutionCorePack\NestedExceptionThrowCatchFinallySolution\App\NestedExceptionThrowCatchFinally.App.csproj", "{7C23F45B-08A5-434F-B7D4-76A57E46C4D6}"
EndProject
Project("{2150E333-8FDC-42A3-9474-1A3956D46DE8}") = "MarshalingUtf8ExportSolution", "MarshalingUtf8ExportSolution", "{47C09DCB-3D31-46FD-8BF7-67926F782828}"
EndProject
Project("{FAE04EC0-301F-11D3-BF4B-00C04F79EFBC}") = "MarshalingUtf8Export.App", "..\..\..\..\scenarios\SolutionCorePack\MarshalingUtf8ExportSolution\App\MarshalingUtf8Export.App.csproj", "{73FC3AEC-569B-4429-B3E8-44C579DE7281}"
EndProject
Project("{2150E333-8FDC-42A3-9474-1A3956D46DE8}") = "ReflectionInteropClosureSolution", "ReflectionInteropClosureSolution", "{AD291C24-68E5-4AA6-8D5E-B3D20F9F249B}"
EndProject
Project("{FAE04EC0-301F-11D3-BF4B-00C04F79EFBC}") = "ReflectionInteropClosure.App", "..\..\..\..\scenarios\SolutionCorePack\ReflectionInteropClosureSolution\App\ReflectionInteropClosure.App.csproj", "{83C7EAF2-D4C0-4844-82D2-F8F7287E14E5}"
EndProject
Project("{2150E333-8FDC-42A3-9474-1A3956D46DE8}") = "PInvokeDirectCallSolution", "PInvokeDirectCallSolution", "{9AF8E192-36BD-4F28-A87D-36EA89035026}"
EndProject
Project("{FAE04EC0-301F-11D3-BF4B-00C04F79EFBC}") = "PInvokeDirectCall.App", "..\..\..\..\scenarios\SolutionCorePack\PInvokeDirectCallSolution\App\PInvokeDirectCall.App.csproj", "{9A596F2A-C2B4-47C8-9A7F-1BC96D2E37B9}"
EndProject
Project("{2150E333-8FDC-42A3-9474-1A3956D46DE8}") = "ArrayBoxingReferenceArraySolution", "ArrayBoxingReferenceArraySolution", "{E22B5C2E-7D3F-40FD-9D2D-7112B8EBC7F1}"
EndProject
Project("{FAE04EC0-301F-11D3-BF4B-00C04F79EFBC}") = "ArrayBoxingReferenceArray.App", "..\..\..\..\scenarios\SolutionCorePack\ArrayBoxingReferenceArraySolution\App\ArrayBoxingReferenceArray.App.csproj", "{0D54CC9A-0A4D-4273-A5E3-F9E6613486CF}"
EndProject
Project("{2150E333-8FDC-42A3-9474-1A3956D46DE8}") = "InterfaceDispatchMessageSolution", "InterfaceDispatchMessageSolution", "{4E3C84A9-7A58-4ED8-BE30-42F7F120D0FD}"
EndProject
Project("{FAE04EC0-301F-11D3-BF4B-00C04F79EFBC}") = "InterfaceDispatchMessage.App", "..\..\..\..\scenarios\SolutionCorePack\InterfaceDispatchMessageSolution\App\InterfaceDispatchMessage.App.csproj", "{A2F86D43-0CB4-4E6E-98E2-B5066993D432}"
EndProject
Project("{2150E333-8FDC-42A3-9474-1A3956D46DE8}") = "ThreadingThreadStaticMonitorSolution", "ThreadingThreadStaticMonitorSolution", "{45C9D5F4-1B2A-4D40-8D41-E2A7B0990C61}"
EndProject
Project("{FAE04EC0-301F-11D3-BF4B-00C04F79EFBC}") = "ThreadingThreadStaticMonitor.App", "..\..\..\..\scenarios\SolutionCorePack\ThreadingThreadStaticMonitorSolution\App\ThreadingThreadStaticMonitor.App.csproj", "{A6E1FB98-42A1-4F18-90DB-771F10B5059C}"
EndProject
Global
	GlobalSection(SolutionConfigurationPlatforms) = preSolution
		Debug|Any CPU = Debug|Any CPU
		Release|Any CPU = Release|Any CPU
	EndGlobalSection
	GlobalSection(SolutionProperties) = preSolution
		HideSolutionNode = FALSE
	EndGlobalSection
	GlobalSection(ProjectConfigurationPlatforms) = postSolution
		{4B6FAF7A-0AA6-4D39-9040-C61DD43AA77D}.Debug|Any CPU.ActiveCfg = Debug|Any CPU
		{4B6FAF7A-0AA6-4D39-9040-C61DD43AA77D}.Debug|Any CPU.Build.0 = Debug|Any CPU
		{4B6FAF7A-0AA6-4D39-9040-C61DD43AA77D}.Release|Any CPU.ActiveCfg = Release|Any CPU
		{4B6FAF7A-0AA6-4D39-9040-C61DD43AA77D}.Release|Any CPU.Build.0 = Release|Any CPU
		{A0BB3E3F-2A44-4778-91BF-3901E3A417D8}.Debug|Any CPU.ActiveCfg = Debug|Any CPU
		{A0BB3E3F-2A44-4778-91BF-3901E3A417D8}.Debug|Any CPU.Build.0 = Debug|Any CPU
		{A0BB3E3F-2A44-4778-91BF-3901E3A417D8}.Release|Any CPU.ActiveCfg = Release|Any CPU
		{A0BB3E3F-2A44-4778-91BF-3901E3A417D8}.Release|Any CPU.Build.0 = Release|Any CPU
		{F4E0F248-2D71-41B1-9E54-7B6B0C1A2D3A}.Debug|Any CPU.ActiveCfg = Debug|Any CPU
		{F4E0F248-2D71-41B1-9E54-7B6B0C1A2D3A}.Debug|Any CPU.Build.0 = Debug|Any CPU
		{F4E0F248-2D71-41B1-9E54-7B6B0C1A2D3A}.Release|Any CPU.ActiveCfg = Release|Any CPU
		{F4E0F248-2D71-41B1-9E54-7B6B0C1A2D3A}.Release|Any CPU.Build.0 = Release|Any CPU
		{E0E86015-240B-42A8-A265-E5F97F26E7D2}.Debug|Any CPU.ActiveCfg = Debug|Any CPU
		{E0E86015-240B-42A8-A265-E5F97F26E7D2}.Debug|Any CPU.Build.0 = Debug|Any CPU
		{E0E86015-240B-42A8-A265-E5F97F26E7D2}.Release|Any CPU.ActiveCfg = Release|Any CPU
		{E0E86015-240B-42A8-A265-E5F97F26E7D2}.Release|Any CPU.Build.0 = Release|Any CPU
		{CBBCF1B0-F9EC-4932-A2BE-BD918E861F0A}.Debug|Any CPU.ActiveCfg = Debug|Any CPU
		{CBBCF1B0-F9EC-4932-A2BE-BD918E861F0A}.Debug|Any CPU.Build.0 = Debug|Any CPU
		{CBBCF1B0-F9EC-4932-A2BE-BD918E861F0A}.Release|Any CPU.ActiveCfg = Release|Any CPU
		{CBBCF1B0-F9EC-4932-A2BE-BD918E861F0A}.Release|Any CPU.Build.0 = Release|Any CPU
		{E76491A7-7B56-4518-85B8-99898E4C0BE7}.Debug|Any CPU.ActiveCfg = Debug|Any CPU
		{E76491A7-7B56-4518-85B8-99898E4C0BE7}.Debug|Any CPU.Build.0 = Debug|Any CPU
		{E76491A7-7B56-4518-85B8-99898E4C0BE7}.Release|Any CPU.ActiveCfg = Release|Any CPU
		{E76491A7-7B56-4518-85B8-99898E4C0BE7}.Release|Any CPU.Build.0 = Release|Any CPU
		{2A54A49C-3304-4279-9038-28D1A206FA3F}.Debug|Any CPU.ActiveCfg = Debug|Any CPU
		{2A54A49C-3304-4279-9038-28D1A206FA3F}.Debug|Any CPU.Build.0 = Debug|Any CPU
		{2A54A49C-3304-4279-9038-28D1A206FA3F}.Release|Any CPU.ActiveCfg = Release|Any CPU
		{2A54A49C-3304-4279-9038-28D1A206FA3F}.Release|Any CPU.Build.0 = Release|Any CPU
		{95963B7C-A353-43DA-BC60-040C69677CA2}.Debug|Any CPU.ActiveCfg = Debug|Any CPU
		{95963B7C-A353-43DA-BC60-040C69677CA2}.Debug|Any CPU.Build.0 = Debug|Any CPU
		{95963B7C-A353-43DA-BC60-040C69677CA2}.Release|Any CPU.ActiveCfg = Release|Any CPU
		{95963B7C-A353-43DA-BC60-040C69677CA2}.Release|Any CPU.Build.0 = Release|Any CPU
		{DB81067D-82AD-45F3-B7E6-0B19C9904B45}.Debug|Any CPU.ActiveCfg = Debug|Any CPU
		{DB81067D-82AD-45F3-B7E6-0B19C9904B45}.Debug|Any CPU.Build.0 = Debug|Any CPU
		{DB81067D-82AD-45F3-B7E6-0B19C9904B45}.Release|Any CPU.ActiveCfg = Release|Any CPU
		{DB81067D-82AD-45F3-B7E6-0B19C9904B45}.Release|Any CPU.Build.0 = Release|Any CPU
		{6DAA6E43-5A6D-4D0D-A4A0-07E8A62B0F12}.Debug|Any CPU.ActiveCfg = Debug|Any CPU
		{6DAA6E43-5A6D-4D0D-A4A0-07E8A62B0F12}.Debug|Any CPU.Build.0 = Debug|Any CPU
		{6DAA6E43-5A6D-4D0D-A4A0-07E8A62B0F12}.Release|Any CPU.ActiveCfg = Release|Any CPU
		{6DAA6E43-5A6D-4D0D-A4A0-07E8A62B0F12}.Release|Any CPU.Build.0 = Release|Any CPU
		{CC4D9DB6-41D5-4B3E-BCDF-BB9BC129C1BA}.Debug|Any CPU.ActiveCfg = Debug|Any CPU
		{CC4D9DB6-41D5-4B3E-BCDF-BB9BC129C1BA}.Debug|Any CPU.Build.0 = Debug|Any CPU
		{CC4D9DB6-41D5-4B3E-BCDF-BB9BC129C1BA}.Release|Any CPU.ActiveCfg = Release|Any CPU
		{CC4D9DB6-41D5-4B3E-BCDF-BB9BC129C1BA}.Release|Any CPU.Build.0 = Release|Any CPU
		{7E6AE343-7E12-4A46-A4D0-4B2D5D32D5B0}.Debug|Any CPU.ActiveCfg = Debug|Any CPU
		{7E6AE343-7E12-4A46-A4D0-4B2D5D32D5B0}.Debug|Any CPU.Build.0 = Debug|Any CPU
		{7E6AE343-7E12-4A46-A4D0-4B2D5D32D5B0}.Release|Any CPU.ActiveCfg = Release|Any CPU
		{7E6AE343-7E12-4A46-A4D0-4B2D5D32D5B0}.Release|Any CPU.Build.0 = Release|Any CPU
		{7A1F22C4-0A02-4B2C-A9B9-7D73A1E138A1}.Debug|Any CPU.ActiveCfg = Debug|Any CPU
		{7A1F22C4-0A02-4B2C-A9B9-7D73A1E138A1}.Debug|Any CPU.Build.0 = Debug|Any CPU
		{7A1F22C4-0A02-4B2C-A9B9-7D73A1E138A1}.Release|Any CPU.ActiveCfg = Release|Any CPU
		{7A1F22C4-0A02-4B2C-A9B9-7D73A1E138A1}.Release|Any CPU.Build.0 = Release|Any CPU
		{B8D5A1A4-1137-4C0A-B1F8-D01A8D6BEF02}.Debug|Any CPU.ActiveCfg = Debug|Any CPU
		{B8D5A1A4-1137-4C0A-B1F8-D01A8D6BEF02}.Debug|Any CPU.Build.0 = Debug|Any CPU
		{B8D5A1A4-1137-4C0A-B1F8-D01A8D6BEF02}.Release|Any CPU.ActiveCfg = Release|Any CPU
		{B8D5A1A4-1137-4C0A-B1F8-D01A8D6BEF02}.Release|Any CPU.Build.0 = Release|Any CPU
		{10F685C0-6772-4A0E-8A7D-8390C827D89A}.Debug|Any CPU.ActiveCfg = Debug|Any CPU
		{10F685C0-6772-4A0E-8A7D-8390C827D89A}.Debug|Any CPU.Build.0 = Debug|Any CPU
		{10F685C0-6772-4A0E-8A7D-8390C827D89A}.Release|Any CPU.ActiveCfg = Release|Any CPU
		{10F685C0-6772-4A0E-8A7D-8390C827D89A}.Release|Any CPU.Build.0 = Release|Any CPU
		{3810058F-DFF8-4421-B5F4-B78CD9694D18}.Debug|Any CPU.ActiveCfg = Debug|Any CPU
		{3810058F-DFF8-4421-B5F4-B78CD9694D18}.Debug|Any CPU.Build.0 = Debug|Any CPU
		{3810058F-DFF8-4421-B5F4-B78CD9694D18}.Release|Any CPU.ActiveCfg = Release|Any CPU
		{3810058F-DFF8-4421-B5F4-B78CD9694D18}.Release|Any CPU.Build.0 = Release|Any CPU
		{7C23F45B-08A5-434F-B7D4-76A57E46C4D6}.Debug|Any CPU.ActiveCfg = Debug|Any CPU
		{7C23F45B-08A5-434F-B7D4-76A57E46C4D6}.Debug|Any CPU.Build.0 = Debug|Any CPU
		{7C23F45B-08A5-434F-B7D4-76A57E46C4D6}.Release|Any CPU.ActiveCfg = Release|Any CPU
		{7C23F45B-08A5-434F-B7D4-76A57E46C4D6}.Release|Any CPU.Build.0 = Release|Any CPU
		{73FC3AEC-569B-4429-B3E8-44C579DE7281}.Debug|Any CPU.ActiveCfg = Debug|Any CPU
		{73FC3AEC-569B-4429-B3E8-44C579DE7281}.Debug|Any CPU.Build.0 = Debug|Any CPU
		{73FC3AEC-569B-4429-B3E8-44C579DE7281}.Release|Any CPU.ActiveCfg = Release|Any CPU
		{73FC3AEC-569B-4429-B3E8-44C579DE7281}.Release|Any CPU.Build.0 = Release|Any CPU
		{83C7EAF2-D4C0-4844-82D2-F8F7287E14E5}.Debug|Any CPU.ActiveCfg = Debug|Any CPU
		{83C7EAF2-D4C0-4844-82D2-F8F7287E14E5}.Debug|Any CPU.Build.0 = Debug|Any CPU
		{83C7EAF2-D4C0-4844-82D2-F8F7287E14E5}.Release|Any CPU.ActiveCfg = Release|Any CPU
		{83C7EAF2-D4C0-4844-82D2-F8F7287E14E5}.Release|Any CPU.Build.0 = Release|Any CPU
		{9A596F2A-C2B4-47C8-9A7F-1BC96D2E37B9}.Debug|Any CPU.ActiveCfg = Debug|Any CPU
		{9A596F2A-C2B4-47C8-9A7F-1BC96D2E37B9}.Debug|Any CPU.Build.0 = Debug|Any CPU
		{9A596F2A-C2B4-47C8-9A7F-1BC96D2E37B9}.Release|Any CPU.ActiveCfg = Release|Any CPU
		{9A596F2A-C2B4-47C8-9A7F-1BC96D2E37B9}.Release|Any CPU.Build.0 = Release|Any CPU
		{0D54CC9A-0A4D-4273-A5E3-F9E6613486CF}.Debug|Any CPU.ActiveCfg = Debug|Any CPU
		{0D54CC9A-0A4D-4273-A5E3-F9E6613486CF}.Debug|Any CPU.Build.0 = Debug|Any CPU
		{0D54CC9A-0A4D-4273-A5E3-F9E6613486CF}.Release|Any CPU.ActiveCfg = Release|Any CPU
		{0D54CC9A-0A4D-4273-A5E3-F9E6613486CF}.Release|Any CPU.Build.0 = Release|Any CPU
		{A2F86D43-0CB4-4E6E-98E2-B5066993D432}.Debug|Any CPU.ActiveCfg = Debug|Any CPU
		{A2F86D43-0CB4-4E6E-98E2-B5066993D432}.Debug|Any CPU.Build.0 = Debug|Any CPU
		{A2F86D43-0CB4-4E6E-98E2-B5066993D432}.Release|Any CPU.ActiveCfg = Release|Any CPU
		{A2F86D43-0CB4-4E6E-98E2-B5066993D432}.Release|Any CPU.Build.0 = Release|Any CPU
		{A6E1FB98-42A1-4F18-90DB-771F10B5059C}.Debug|Any CPU.ActiveCfg = Debug|Any CPU
		{A6E1FB98-42A1-4F18-90DB-771F10B5059C}.Debug|Any CPU.Build.0 = Debug|Any CPU
		{A6E1FB98-42A1-4F18-90DB-771F10B5059C}.Release|Any CPU.ActiveCfg = Release|Any CPU
		{A6E1FB98-42A1-4F18-90DB-771F10B5059C}.Release|Any CPU.Build.0 = Release|Any CPU
	EndGlobalSection
	GlobalSection(NestedProjects) = preSolution
		{6581A325-4660-49F7-88A2-F8EE4E3036E8} = {ADE02328-DE6C-435B-85E0-1248E41FA9EE}
		{2A54A49C-3304-4279-9038-28D1A206FA3F} = {6581A325-4660-49F7-88A2-F8EE4E3036E8}
		{CB98E54C-FD06-45C4-B130-A03194384FE5} = {ADE02328-DE6C-435B-85E0-1248E41FA9EE}
		{95963B7C-A353-43DA-BC60-040C69677CA2} = {CB98E54C-FD06-45C4-B130-A03194384FE5}
		{DB81067D-82AD-45F3-B7E6-0B19C9904B45} = {CB98E54C-FD06-45C4-B130-A03194384FE5}
		{6DAA6E43-5A6D-4D0D-A4A0-07E8A62B0F12} = {CB98E54C-FD06-45C4-B130-A03194384FE5}
		{0784926B-B5CE-4A0D-B724-47151A9B0265} = {ADE02328-DE6C-435B-85E0-1248E41FA9EE}
		{CC4D9DB6-41D5-4B3E-BCDF-BB9BC129C1BA} = {0784926B-B5CE-4A0D-B724-47151A9B0265}
		{A5D5C92F-3378-4F7A-A2C7-B4E1E99F13B8} = {ADE02328-DE6C-435B-85E0-1248E41FA9EE}
		{7E6AE343-7E12-4A46-A4D0-4B2D5D32D5B0} = {A5D5C92F-3378-4F7A-A2C7-B4E1E99F13B8}
		{B0E46C5E-1C9E-4D33-80DF-44FB7FE6B470} = {ADE02328-DE6C-435B-85E0-1248E41FA9EE}
		{7A1F22C4-0A02-4B2C-A9B9-7D73A1E138A1} = {B0E46C5E-1C9E-4D33-80DF-44FB7FE6B470}
		{DB90C995-A069-4355-B778-D0DFBFD0605B} = {ADE02328-DE6C-435B-85E0-1248E41FA9EE}
		{B8D5A1A4-1137-4C0A-B1F8-D01A8D6BEF02} = {DB90C995-A069-4355-B778-D0DFBFD0605B}
		{2C610A9D-99C7-4D31-B1B8-30249FB9A49A} = {ADE02328-DE6C-435B-85E0-1248E41FA9EE}
		{10F685C0-6772-4A0E-8A7D-8390C827D89A} = {2C610A9D-99C7-4D31-B1B8-30249FB9A49A}
		{1F3B28DF-B96D-40DA-9464-93667110E0A0} = {ADE02328-DE6C-435B-85E0-1248E41FA9EE}
		{3810058F-DFF8-4421-B5F4-B78CD9694D18} = {1F3B28DF-B96D-40DA-9464-93667110E0A0}
		{76D9C1E0-054D-46F0-9940-EC462781AAE0} = {ADE02328-DE6C-435B-85E0-1248E41FA9EE}
		{7C23F45B-08A5-434F-B7D4-76A57E46C4D6} = {76D9C1E0-054D-46F0-9940-EC462781AAE0}
		{47C09DCB-3D31-46FD-8BF7-67926F782828} = {ADE02328-DE6C-435B-85E0-1248E41FA9EE}
		{73FC3AEC-569B-4429-B3E8-44C579DE7281} = {47C09DCB-3D31-46FD-8BF7-67926F782828}
		{AD291C24-68E5-4AA6-8D5E-B3D20F9F249B} = {ADE02328-DE6C-435B-85E0-1248E41FA9EE}
		{83C7EAF2-D4C0-4844-82D2-F8F7287E14E5} = {AD291C24-68E5-4AA6-8D5E-B3D20F9F249B}
		{9AF8E192-36BD-4F28-A87D-36EA89035026} = {ADE02328-DE6C-435B-85E0-1248E41FA9EE}
		{9A596F2A-C2B4-47C8-9A7F-1BC96D2E37B9} = {9AF8E192-36BD-4F28-A87D-36EA89035026}
		{E22B5C2E-7D3F-40FD-9D2D-7112B8EBC7F1} = {ADE02328-DE6C-435B-85E0-1248E41FA9EE}
		{0D54CC9A-0A4D-4273-A5E3-F9E6613486CF} = {E22B5C2E-7D3F-40FD-9D2D-7112B8EBC7F1}
		{4E3C84A9-7A58-4ED8-BE30-42F7F120D0FD} = {ADE02328-DE6C-435B-85E0-1248E41FA9EE}
		{A2F86D43-0CB4-4E6E-98E2-B5066993D432} = {4E3C84A9-7A58-4ED8-BE30-42F7F120D0FD}
		{45C9D5F4-1B2A-4D40-8D41-E2A7B0990C61} = {ADE02328-DE6C-435B-85E0-1248E41FA9EE}
		{A6E1FB98-42A1-4F18-90DB-771F10B5059C} = {45C9D5F4-1B2A-4D40-8D41-E2A7B0990C61}
	EndGlobalSection
EndGlobal
