
Microsoft Visual Studio Solution File, Format Version 12.00
# Visual Studio Version 17
Project("{8BC9CEB8-8B4A-11D0-8D11-00A0C91BC942}") = "ALL_BUILD", "ALL_BUILD.vcxproj", "{70995398-BB4C-35F2-A2A7-6ADF475E27B2}"
	ProjectSection(ProjectDependencies) = postProject
		{CF30D979-D0E6-3B93-9A91-B30C0E7C0E5E} = {CF30D979-D0E6-3B93-9A91-B30C0E7C0E5E}
		{2349B6A9-0445-397F-B735-E630CF81431C} = {2349B6A9-0445-397F-B735-E630CF81431C}
	EndProjectSection
EndProject
Project("{8BC9CEB8-8B4A-11D0-8D11-00A0C91BC942}") = "ZERO_CHECK", "ZERO_CHECK.vcxproj", "{CF30D979-D0E6-3B93-9A91-B30C0E7C0E5E}"
	ProjectSection(ProjectDependencies) = postProject
	EndProjectSection
EndProject
Project("{8BC9CEB8-8B4A-11D0-8D11-00A0C91BC942}") = "chaos_entry", "chaos_entry.vcxproj", "{2349B6A9-0445-397F-B735-E630CF81431C}"
	ProjectSection(ProjectDependencies) = postProject
		{CF30D979-D0E6-3B93-9A91-B30C0E7C0E5E} = {CF30D979-D0E6-3B93-9A91-B30C0E7C0E5E}
	EndProjectSection
EndProject
Global
	GlobalSection(SolutionConfigurationPlatforms) = preSolution
		Debug|x64 = Debug|x64
		Release|x64 = Release|x64
		MinSizeRel|x64 = MinSizeRel|x64
		RelWithDebInfo|x64 = RelWithDebInfo|x64
	EndGlobalSection
	GlobalSection(ProjectConfigurationPlatforms) = postSolution
		{70995398-BB4C-35F2-A2A7-6ADF475E27B2}.Debug|x64.ActiveCfg = Debug|x64
		{70995398-BB4C-35F2-A2A7-6ADF475E27B2}.Release|x64.ActiveCfg = Release|x64
		{70995398-BB4C-35F2-A2A7-6ADF475E27B2}.MinSizeRel|x64.ActiveCfg = MinSizeRel|x64
		{70995398-BB4C-35F2-A2A7-6ADF475E27B2}.RelWithDebInfo|x64.ActiveCfg = RelWithDebInfo|x64
		{CF30D979-D0E6-3B93-9A91-B30C0E7C0E5E}.Debug|x64.ActiveCfg = Debug|x64
		{CF30D979-D0E6-3B93-9A91-B30C0E7C0E5E}.Debug|x64.Build.0 = Debug|x64
		{CF30D979-D0E6-3B93-9A91-B30C0E7C0E5E}.Release|x64.ActiveCfg = Release|x64
		{CF30D979-D0E6-3B93-9A91-B30C0E7C0E5E}.Release|x64.Build.0 = Release|x64
		{CF30D979-D0E6-3B93-9A91-B30C0E7C0E5E}.MinSizeRel|x64.ActiveCfg = MinSizeRel|x64
		{CF30D979-D0E6-3B93-9A91-B30C0E7C0E5E}.MinSizeRel|x64.Build.0 = MinSizeRel|x64
		{CF30D979-D0E6-3B93-9A91-B30C0E7C0E5E}.RelWithDebInfo|x64.ActiveCfg = RelWithDebInfo|x64
		{CF30D979-D0E6-3B93-9A91-B30C0E7C0E5E}.RelWithDebInfo|x64.Build.0 = RelWithDebInfo|x64
		{2349B6A9-0445-397F-B735-E630CF81431C}.Debug|x64.ActiveCfg = Debug|x64
		{2349B6A9-0445-397F-B735-E630CF81431C}.Debug|x64.Build.0 = Debug|x64
		{2349B6A9-0445-397F-B735-E630CF81431C}.Release|x64.ActiveCfg = Release|x64
		{2349B6A9-0445-397F-B735-E630CF81431C}.Release|x64.Build.0 = Release|x64
		{2349B6A9-0445-397F-B735-E630CF81431C}.MinSizeRel|x64.ActiveCfg = MinSizeRel|x64
		{2349B6A9-0445-397F-B735-E630CF81431C}.MinSizeRel|x64.Build.0 = MinSizeRel|x64
		{2349B6A9-0445-397F-B735-E630CF81431C}.RelWithDebInfo|x64.ActiveCfg = RelWithDebInfo|x64
		{2349B6A9-0445-397F-B735-E630CF81431C}.RelWithDebInfo|x64.Build.0 = RelWithDebInfo|x64
	EndGlobalSection
	GlobalSection(ExtensibilityGlobals) = postSolution
		SolutionGuid = {99C1462E-86F4-3AB2-A34A-D7E8CAA09B2B}
	EndGlobalSection
	GlobalSection(ExtensibilityAddIns) = postSolution
	EndGlobalSection
EndGlobal
